
Microsoft Visual Studio Solution File, Format Version 12.00
# Visual Studio 15
Project("{FAE04EC0-301F-11D3-BF4B-00C04F79EFBC}") = "Unity.Timeline", "Unity.Timeline.csproj", "{779D20E3-ECF1-41F7-6F17-DA5B72CD1694}"
EndProject
Project("{FAE04EC0-301F-11D3-BF4B-00C04F79EFBC}") = "Unity.VisualScripting.Flow", "Unity.VisualScripting.Flow.csproj", "{DB5D0D95-6BCB-788E-5BF8-1F8EA3E00470}"
EndProject
Project("{FAE04EC0-301F-11D3-BF4B-00C04F79EFBC}") = "UnityEditor.UI", "UnityEditor.UI.csproj", "{153B3772-F7DA-805D-E43B-10C7650E5FF2}"
EndProject
Project("{FAE04EC0-301F-11D3-BF4B-00C04F79EFBC}") = "Unity.Timeline.Editor", "Unity.Timeline.Editor.csproj", "{F3566417-647E-7C66-F2EE-A2B0F7BB3CE0}"
EndProject
Project("{FAE04EC0-301F-11D3-BF4B-00C04F79EFBC}") = "Unity.PlasticSCM.Editor", "Unity.PlasticSCM.Editor.csproj", "{CA2EDF0A-B2B5-D3E4-D72C-124CC12DEEC0}"
EndProject
Project("{FAE04EC0-301F-11D3-BF4B-00C04F79EFBC}") = "Unity.Mathematics", "Unity.Mathematics.csproj", "{BC10DFEC-DAE5-56A0-BE7C-0CCDDCA8DD64}"
EndProject
Project("{FAE04EC0-301F-11D3-BF4B-00C04F79EFBC}") = "Unity.2D.Common.Path.Editor", "Unity.2D.Common.Path.Editor.csproj", "{2057B83C-FD15-2C8B-D65F-47D36C3D6361}"
EndProject
Project("{FAE04EC0-301F-11D3-BF4B-00C04F79EFBC}") = "Unity.2D.Psdimporter.Editor", "Unity.2D.Psdimporter.Editor.csproj", "{EC57571D-AB18-5902-2808-0615011E77E7}"
EndProject
Project("{FAE04EC0-301F-11D3-BF4B-00C04F79EFBC}") = "Unity.2D.IK.Runtime", "Unity.2D.IK.Runtime.csproj", "{DFF690A3-0120-C84A-171C-AB7A1B75F213}"
EndProject
Project("{FAE04EC0-301F-11D3-BF4B-00C04F79EFBC}") = "Unity.VisualScripting.Core.Editor", "Unity.VisualScripting.Core.Editor.csproj", "{CDAFC5EE-6CD8-2AC5-F129-BA7BF803E12A}"
EndProject
Project("{FAE04EC0-301F-11D3-BF4B-00C04F79EFBC}") = "UnityEditor.TestRunner", "UnityEditor.TestRunner.csproj", "{37A12BA8-3630-0A29-274D-77026CB8433D}"
EndProject
Project("{FAE04EC0-301F-11D3-BF4B-00C04F79EFBC}") = "Unity.TextMeshPro.Editor", "Unity.TextMeshPro.Editor.csproj", "{F5138524-7A83-9AFD-2BFD-CF3AB270F53B}"
EndProject
Project("{FAE04EC0-301F-11D3-BF4B-00C04F79EFBC}") = "UnityEngine.TestRunner", "UnityEngine.TestRunner.csproj", "{95177039-431B-0658-DE06-D6C24055F7C8}"
EndProject
Project("{FAE04EC0-301F-11D3-BF4B-00C04F79EFBC}") = "Unity.VisualScripting.Core", "Unity.VisualScripting.Core.csproj", "{1082C7A0-E590-E098-EDEB-35A67933389D}"
EndProject
Project("{FAE04EC0-301F-11D3-BF4B-00C04F79EFBC}") = "Unity.VisualScripting.Flow.Editor", "Unity.VisualScripting.Flow.Editor.csproj", "{7447B0DC-11DA-C957-FCF3-7293847D5878}"
EndProject
Project("{FAE04EC0-301F-11D3-BF4B-00C04F79EFBC}") = "Unity.2D.Tilemap.Editor", "Unity.2D.Tilemap.Editor.csproj", "{D31D6B7E-2450-84AE-75A1-5B8C1FE8E1BC}"
EndProject
Project("{FAE04EC0-301F-11D3-BF4B-00C04F79EFBC}") = "Unity.Burst", "Unity.Burst.csproj", "{E51B7942-2B77-5602-07C8-49A8D39A8547}"
EndProject
Project("{FAE04EC0-301F-11D3-BF4B-00C04F79EFBC}") = "PsdPlugin", "PsdPlugin.csproj", "{A645A696-5692-2F59-26B0-C37CF742DC88}"
EndProject
Project("{FAE04EC0-301F-11D3-BF4B-00C04F79EFBC}") = "Unity.Collections", "Unity.Collections.csproj", "{84D3FC7E-A8A0-D785-43A3-E476D37B4308}"
EndProject
Project("{FAE04EC0-301F-11D3-BF4B-00C04F79EFBC}") = "Unity.2D.Animation.Editor", "Unity.2D.Animation.Editor.csproj", "{F55C1BB4-82D0-71FF-19EC-389A5B1DEADD}"
EndProject
Project("{FAE04EC0-301F-11D3-BF4B-00C04F79EFBC}") = "Unity.2D.SpriteShape.Editor", "Unity.2D.SpriteShape.Editor.csproj", "{BE8E94BC-3399-70A9-8BC0-733331C5BF32}"
EndProject
Project("{FAE04EC0-301F-11D3-BF4B-00C04F79EFBC}") = "Unity.VisualStudio.Editor", "Unity.VisualStudio.Editor.csproj", "{29FF4071-42EC-BA7F-D290-8DDEFF3EB4AE}"
EndProject
Project("{FAE04EC0-301F-11D3-BF4B-00C04F79EFBC}") = "Assembly-CSharp", "Assembly-CSharp.csproj", "{47932FA7-A339-6CC8-0701-99F04C8279C8}"
EndProject
Project("{FAE04EC0-301F-11D3-BF4B-00C04F79EFBC}") = "Unity.Rider.Editor", "Unity.Rider.Editor.csproj", "{09EB8412-0996-552F-5793-CBF9E5B87737}"
EndProject
Project("{FAE04EC0-301F-11D3-BF4B-00C04F79EFBC}") = "Unity.InternalAPIEditorBridge.001", "Unity.InternalAPIEditorBridge.001.csproj", "{BFAB307C-748C-0CAF-1025-38A615D1ACFD}"
EndProject
Project("{FAE04EC0-301F-11D3-BF4B-00C04F79EFBC}") = "Unity.2D.SpriteShape.Runtime", "Unity.2D.SpriteShape.Runtime.csproj", "{A1451232-5720-C79E-B569-F06E1DFE775A}"
EndProject
Project("{FAE04EC0-301F-11D3-BF4B-00C04F79EFBC}") = "Unity.VisualScripting.State.Editor", "Unity.VisualScripting.State.Editor.csproj", "{5746BECC-D882-D0AC-ACA8-D2484EB5C249}"
EndProject
Project("{FAE04EC0-301F-11D3-BF4B-00C04F79EFBC}") = "UnityEngine.UI", "UnityEngine.UI.csproj", "{A4804EF6-54D0-2C93-66EF-8675238B45B6}"
EndProject
Project("{FAE04EC0-301F-11D3-BF4B-00C04F79EFBC}") = "ScriptablePacker", "ScriptablePacker.csproj", "{64CD7E74-E5B0-9B66-0DD0-B791F21B4AB3}"
EndProject
Project("{FAE04EC0-301F-11D3-BF4B-00C04F79EFBC}") = "Unity.Burst.CodeGen", "Unity.Burst.CodeGen.csproj", "{37F31E55-B556-280F-20BC-741F9B75862C}"
EndProject
Project("{FAE04EC0-301F-11D3-BF4B-00C04F79EFBC}") = "Unity.VisualScripting.State", "Unity.VisualScripting.State.csproj", "{9ADD320E-8A45-866A-179A-BBB2DABBDD72}"
EndProject
Project("{FAE04EC0-301F-11D3-BF4B-00C04F79EFBC}") = "Unity.TextMeshPro", "Unity.TextMeshPro.csproj", "{B9ADF7DE-7D71-4B8D-1AAC-681386D1089A}"
EndProject
Project("{FAE04EC0-301F-11D3-BF4B-00C04F79EFBC}") = "Unity.2D.Tilemap.Extras.Editor", "Unity.2D.Tilemap.Extras.Editor.csproj", "{924E38A3-A5B2-D9B7-1673-CAC40FFBDF67}"
EndProject
Project("{FAE04EC0-301F-11D3-BF4B-00C04F79EFBC}") = "Unity.2D.Animation.Runtime", "Unity.2D.Animation.Runtime.csproj", "{0B2A860B-AB43-BB64-2CD8-D6AA25BA4E0C}"
EndProject
Project("{FAE04EC0-301F-11D3-BF4B-00C04F79EFBC}") = "Unity.VisualScripting.SettingsProvider.Editor", "Unity.VisualScripting.SettingsProvider.Editor.csproj", "{1CB84FBA-3BBD-3FCD-F461-47D7B67D75C2}"
EndProject
Project("{FAE04EC0-301F-11D3-BF4B-00C04F79EFBC}") = "Unity.2D.IK.Editor", "Unity.2D.IK.Editor.csproj", "{1D3DADB6-2B32-1309-B558-DF62B65AA552}"
EndProject
Project("{FAE04EC0-301F-11D3-BF4B-00C04F79EFBC}") = "Unity.InternalAPIEngineBridge.001", "Unity.InternalAPIEngineBridge.001.csproj", "{B66A92DA-D35A-ED1E-8A9F-3E51F3D2F3C9}"
EndProject
Project("{FAE04EC0-301F-11D3-BF4B-00C04F79EFBC}") = "Unity.Burst.Editor", "Unity.Burst.Editor.csproj", "{1DC8FB2E-E37C-94FF-4784-04055CE5C6C9}"
EndProject
Project("{FAE04EC0-301F-11D3-BF4B-00C04F79EFBC}") = "Unity.2D.Common.Editor", "Unity.2D.Common.Editor.csproj", "{796AE91F-67F0-2015-1356-0A89BC6422D4}"
EndProject
Project("{FAE04EC0-301F-11D3-BF4B-00C04F79EFBC}") = "Unity.2D.PixelPerfect", "Unity.2D.PixelPerfect.csproj", "{4DB70BEC-044A-9894-6ABE-BE00615A7660}"
EndProject
Project("{FAE04EC0-301F-11D3-BF4B-00C04F79EFBC}") = "Unity.2D.PixelPerfect.Editor", "Unity.2D.PixelPerfect.Editor.csproj", "{9BB8C39F-9F3F-3B61-8B79-967486290DD4}"
EndProject
Project("{FAE04EC0-301F-11D3-BF4B-00C04F79EFBC}") = "Unity.2D.Sprite.Editor", "Unity.2D.Sprite.Editor.csproj", "{AAEE29BA-28B6-5940-201F-6616D47AD8EA}"
EndProject
Project("{FAE04EC0-301F-11D3-BF4B-00C04F79EFBC}") = "Unity.2D.Common.Runtime", "Unity.2D.Common.Runtime.csproj", "{7EFA7E85-EA53-4633-8D76-CB20A77D388D}"
EndProject
Project("{FAE04EC0-301F-11D3-BF4B-00C04F79EFBC}") = "Unity.Mathematics.Editor", "Unity.Mathematics.Editor.csproj", "{791285AF-4D77-F5FC-E420-8F0D21637C59}"
EndProject
Project("{FAE04EC0-301F-11D3-BF4B-00C04F79EFBC}") = "Unity.2D.Tilemap.Extras", "Unity.2D.Tilemap.Extras.csproj", "{62D35C7A-3D70-0F0B-3054-8211B1D71472}"
EndProject
Project("{FAE04EC0-301F-11D3-BF4B-00C04F79EFBC}") = "Unity.VisualScripting.Shared.Editor", "Unity.VisualScripting.Shared.Editor.csproj", "{CCA9F603-F53A-DF3F-E3FB-AD36828D1FEC}"
EndProject
Project("{FAE04EC0-301F-11D3-BF4B-00C04F79EFBC}") = "Unity.Collections.DocCodeSamples", "Unity.Collections.DocCodeSamples.csproj", "{2CD423D8-95CD-880C-937F-1C30FA0DF092}"
EndProject
Project("{FAE04EC0-301F-11D3-BF4B-00C04F79EFBC}") = "Unity.Collections.BurstCompatibilityGen", "Unity.Collections.BurstCompatibilityGen.csproj", "{FB3E9B93-EE26-7ED0-7090-F6A12FF6DE4B}"
EndProject
Project("{FAE04EC0-301F-11D3-BF4B-00C04F79EFBC}") = "Unity.CollabProxy.Editor", "Unity.CollabProxy.Editor.csproj", "{6C97C53B-E8D0-6B35-C504-60EDF2D3926D}"
EndProject
Project("{FAE04EC0-301F-11D3-BF4B-00C04F79EFBC}") = "Unity.Timeline", "Unity.Timeline.Player.csproj", "{EA3CF966-E3B3-5DB5-CCC9-9126A41B192D}"
EndProject
Project("{FAE04EC0-301F-11D3-BF4B-00C04F79EFBC}") = "Unity.VisualScripting.Flow", "Unity.VisualScripting.Flow.Player.csproj", "{13E3859A-2CC2-E5C3-1770-D2CF8D5C8687}"
EndProject
Project("{FAE04EC0-301F-11D3-BF4B-00C04F79EFBC}") = "Unity.Mathematics", "Unity.Mathematics.Player.csproj", "{287DD13A-976A-388D-2BD8-651A6A5C32C3}"
EndProject
Project("{FAE04EC0-301F-11D3-BF4B-00C04F79EFBC}") = "Unity.2D.IK.Runtime", "Unity.2D.IK.Runtime.Player.csproj", "{56AC0E6E-AA22-9BAF-6284-8CDE0415DF8A}"
EndProject
Project("{FAE04EC0-301F-11D3-BF4B-00C04F79EFBC}") = "UnityEngine.TestRunner", "UnityEngine.TestRunner.Player.csproj", "{477904C4-310D-C0F5-1C69-A31FC62EAC05}"
EndProject
Project("{FAE04EC0-301F-11D3-BF4B-00C04F79EFBC}") = "Unity.VisualScripting.Core", "Unity.VisualScripting.Core.Player.csproj", "{8167146D-A649-3606-F3B3-DE7B206B577D}"
EndProject
Project("{FAE04EC0-301F-11D3-BF4B-00C04F79EFBC}") = "Unity.Burst", "Unity.Burst.Player.csproj", "{BD00C142-8295-1FC2-E263-B49232C14D57}"
EndProject
Project("{FAE04EC0-301F-11D3-BF4B-00C04F79EFBC}") = "Unity.Collections", "Unity.Collections.Player.csproj", "{3CD58A89-DB0B-F47F-8A08-EB42607A5245}"
EndProject
Project("{FAE04EC0-301F-11D3-BF4B-00C04F79EFBC}") = "Assembly-CSharp", "Assembly-CSharp.Player.csproj", "{A034B958-2C35-8E8A-AD2E-808B6F6C9030}"
EndProject
Project("{FAE04EC0-301F-11D3-BF4B-00C04F79EFBC}") = "Unity.2D.SpriteShape.Runtime", "Unity.2D.SpriteShape.Runtime.Player.csproj", "{23871724-BCBA-0B9B-1865-D6DA2B15DD52}"
EndProject
Project("{FAE04EC0-301F-11D3-BF4B-00C04F79EFBC}") = "UnityEngine.UI", "UnityEngine.UI.Player.csproj", "{0F273A45-F1C9-7A06-C14B-C8CB459725B6}"
EndProject
Project("{FAE04EC0-301F-11D3-BF4B-00C04F79EFBC}") = "Unity.VisualScripting.State", "Unity.VisualScripting.State.Player.csproj", "{140C7F44-F837-8760-C79D-F7F310A909C7}"
EndProject
Project("{FAE04EC0-301F-11D3-BF4B-00C04F79EFBC}") = "Unity.TextMeshPro", "Unity.TextMeshPro.Player.csproj", "{E70FF753-930C-86E1-0493-50A2711A5D30}"
EndProject
Project("{FAE04EC0-301F-11D3-BF4B-00C04F79EFBC}") = "Unity.2D.Animation.Runtime", "Unity.2D.Animation.Runtime.Player.csproj", "{A6E4086D-CC22-E238-8ED6-E37CF9DE72FA}"
EndProject
Project("{FAE04EC0-301F-11D3-BF4B-00C04F79EFBC}") = "Unity.InternalAPIEngineBridge.001", "Unity.InternalAPIEngineBridge.001.Player.csproj", "{174E18A4-0678-DF44-9612-091797CD4BA5}"
EndProject
Project("{FAE04EC0-301F-11D3-BF4B-00C04F79EFBC}") = "Unity.2D.PixelPerfect", "Unity.2D.PixelPerfect.Player.csproj", "{BE2439FC-539B-E0D0-4712-1FEBE291449D}"
EndProject
Project("{FAE04EC0-301F-11D3-BF4B-00C04F79EFBC}") = "Unity.2D.Common.Runtime", "Unity.2D.Common.Runtime.Player.csproj", "{860401EC-C883-6CB7-0C74-C69AB93A6E72}"
EndProject
Project("{FAE04EC0-301F-11D3-BF4B-00C04F79EFBC}") = "Unity.2D.Tilemap.Extras", "Unity.2D.Tilemap.Extras.Player.csproj", "{8B245664-4CE9-C564-0F10-313F3169BB55}"
EndProject
Global
	GlobalSection(SolutionConfigurationPlatforms) = preSolution
		Debug|Any CPU = Debug|Any CPU
		Release|Any CPU = Release|Any CPU
	EndGlobalSection
	GlobalSection(ProjectConfigurationPlatforms) = postSolution
		{779D20E3-ECF1-41F7-6F17-DA5B72CD1694}.Debug|Any CPU.ActiveCfg = Debug|Any CPU
		{779D20E3-ECF1-41F7-6F17-DA5B72CD1694}.Debug|Any CPU.Build.0 = Debug|Any CPU
		{779D20E3-ECF1-41F7-6F17-DA5B72CD1694}.Release|Any CPU.ActiveCfg = Release|Any CPU
		{779D20E3-ECF1-41F7-6F17-DA5B72CD1694}.Release|Any CPU.Build.0 = Release|Any CPU
		{DB5D0D95-6BCB-788E-5BF8-1F8EA3E00470}.Debug|Any CPU.ActiveCfg = Debug|Any CPU
		{DB5D0D95-6BCB-788E-5BF8-1F8EA3E00470}.Debug|Any CPU.Build.0 = Debug|Any CPU
		{DB5D0D95-6BCB-788E-5BF8-1F8EA3E00470}.Release|Any CPU.ActiveCfg = Release|Any CPU
		{DB5D0D95-6BCB-788E-5BF8-1F8EA3E00470}.Release|Any CPU.Build.0 = Release|Any CPU
		{153B3772-F7DA-805D-E43B-10C7650E5FF2}.Debug|Any CPU.ActiveCfg = Debug|Any CPU
		{153B3772-F7DA-805D-E43B-10C7650E5FF2}.Debug|Any CPU.Build.0 = Debug|Any CPU
		{153B3772-F7DA-805D-E43B-10C7650E5FF2}.Release|Any CPU.ActiveCfg = Release|Any CPU
		{153B3772-F7DA-805D-E43B-10C7650E5FF2}.Release|Any CPU.Build.0 = Release|Any CPU
		{F3566417-647E-7C66-F2EE-A2B0F7BB3CE0}.Debug|Any CPU.ActiveCfg = Debug|Any CPU
		{F3566417-647E-7C66-F2EE-A2B0F7BB3CE0}.Debug|Any CPU.Build.0 = Debug|Any CPU
		{F3566417-647E-7C66-F2EE-A2B0F7BB3CE0}.Release|Any CPU.ActiveCfg = Release|Any CPU
		{F3566417-647E-7C66-F2EE-A2B0F7BB3CE0}.Release|Any CPU.Build.0 = Release|Any CPU
		{CA2EDF0A-B2B5-D3E4-D72C-124CC12DEEC0}.Debug|Any CPU.ActiveCfg = Debug|Any CPU
		{CA2EDF0A-B2B5-D3E4-D72C-124CC12DEEC0}.Debug|Any CPU.Build.0 = Debug|Any CPU
		{CA2EDF0A-B2B5-D3E4-D72C-124CC12DEEC0}.Release|Any CPU.ActiveCfg = Release|Any CPU
		{CA2EDF0A-B2B5-D3E4-D72C-124CC12DEEC0}.Release|Any CPU.Build.0 = Release|Any CPU
		{BC10DFEC-DAE5-56A0-BE7C-0CCDDCA8DD64}.Debug|Any CPU.ActiveCfg = Debug|Any CPU
		{BC10DFEC-DAE5-56A0-BE7C-0CCDDCA8DD64}.Debug|Any CPU.Build.0 = Debug|Any CPU
		{BC10DFEC-DAE5-56A0-BE7C-0CCDDCA8DD64}.Release|Any CPU.ActiveCfg = Release|Any CPU
		{BC10DFEC-DAE5-56A0-BE7C-0CCDDCA8DD64}.Release|Any CPU.Build.0 = Release|Any CPU
		{2057B83C-FD15-2C8B-D65F-47D36C3D6361}.Debug|Any CPU.ActiveCfg = Debug|Any CPU
		{2057B83C-FD15-2C8B-D65F-47D36C3D6361}.Debug|Any CPU.Build.0 = Debug|Any CPU
		{2057B83C-FD15-2C8B-D65F-47D36C3D6361}.Release|Any CPU.ActiveCfg = Release|Any CPU
		{2057B83C-FD15-2C8B-D65F-47D36C3D6361}.Release|Any CPU.Build.0 = Release|Any CPU
		{EC57571D-AB18-5902-2808-0615011E77E7}.Debug|Any CPU.ActiveCfg = Debug|Any CPU
		{EC57571D-AB18-5902-2808-0615011E77E7}.Debug|Any CPU.Build.0 = Debug|Any CPU
		{EC57571D-AB18-5902-2808-0615011E77E7}.Release|Any CPU.ActiveCfg = Release|Any CPU
		{EC57571D-AB18-5902-2808-0615011E77E7}.Release|Any CPU.Build.0 = Release|Any CPU
		{DFF690A3-0120-C84A-171C-AB7A1B75F213}.Debug|Any CPU.ActiveCfg = Debug|Any CPU
		{DFF690A3-0120-C84A-171C-AB7A1B75F213}.Debug|Any CPU.Build.0 = Debug|Any CPU
		{DFF690A3-0120-C84A-171C-AB7A1B75F213}.Release|Any CPU.ActiveCfg = Release|Any CPU
		{DFF690A3-0120-C84A-171C-AB7A1B75F213}.Release|Any CPU.Build.0 = Release|Any CPU
		{CDAFC5EE-6CD8-2AC5-F129-BA7BF803E12A}.Debug|Any CPU.ActiveCfg = Debug|Any CPU
		{CDAFC5EE-6CD8-2AC5-F129-BA7BF803E12A}.Debug|Any CPU.Build.0 = Debug|Any CPU
		{CDAFC5EE-6CD8-2AC5-F129-BA7BF803E12A}.Release|Any CPU.ActiveCfg = Release|Any CPU
		{CDAFC5EE-6CD8-2AC5-F129-BA7BF803E12A}.Release|Any CPU.Build.0 = Release|Any CPU
		{37A12BA8-3630-0A29-274D-77026CB8433D}.Debug|Any CPU.ActiveCfg = Debug|Any CPU
		{37A12BA8-3630-0A29-274D-77026CB8433D}.Debug|Any CPU.Build.0 = Debug|Any CPU
		{37A12BA8-3630-0A29-274D-77026CB8433D}.Release|Any CPU.ActiveCfg = Release|Any CPU
		{37A12BA8-3630-0A29-274D-77026CB8433D}.Release|Any CPU.Build.0 = Release|Any CPU
		{F5138524-7A83-9AFD-2BFD-CF3AB270F53B}.Debug|Any CPU.ActiveCfg = Debug|Any CPU
		{F5138524-7A83-9AFD-2BFD-CF3AB270F53B}.Debug|Any CPU.Build.0 = Debug|Any CPU
		{F5138524-7A83-9AFD-2BFD-CF3AB270F53B}.Release|Any CPU.ActiveCfg = Release|Any CPU
		{F5138524-7A83-9AFD-2BFD-CF3AB270F53B}.Release|Any CPU.Build.0 = Release|Any CPU
		{95177039-431B-0658-DE06-D6C24055F7C8}.Debug|Any CPU.ActiveCfg = Debug|Any CPU
		{95177039-431B-0658-DE06-D6C24055F7C8}.Debug|Any CPU.Build.0 = Debug|Any CPU
		{95177039-431B-0658-DE06-D6C24055F7C8}.Release|Any CPU.ActiveCfg = Release|Any CPU
		{95177039-431B-0658-DE06-D6C24055F7C8}.Release|Any CPU.Build.0 = Release|Any CPU
		{1082C7A0-E590-E098-EDEB-35A67933389D}.Debug|Any CPU.ActiveCfg = Debug|Any CPU
		{1082C7A0-E590-E098-EDEB-35A67933389D}.Debug|Any CPU.Build.0 = Debug|Any CPU
		{1082C7A0-E590-E098-EDEB-35A67933389D}.Release|Any CPU.ActiveCfg = Release|Any CPU
		{1082C7A0-E590-E098-EDEB-35A67933389D}.Release|Any CPU.Build.0 = Release|Any CPU
		{7447B0DC-11DA-C957-FCF3-7293847D5878}.Debug|Any CPU.ActiveCfg = Debug|Any CPU
		{7447B0DC-11DA-C957-FCF3-7293847D5878}.Debug|Any CPU.Build.0 = Debug|Any CPU
		{7447B0DC-11DA-C957-FCF3-7293847D5878}.Release|Any CPU.ActiveCfg = Release|Any CPU
		{7447B0DC-11DA-C957-FCF3-7293847D5878}.Release|Any CPU.Build.0 = Release|Any CPU
		{D31D6B7E-2450-84AE-75A1-5B8C1FE8E1BC}.Debug|Any CPU.ActiveCfg = Debug|Any CPU
		{D31D6B7E-2450-84AE-75A1-5B8C1FE8E1BC}.Debug|Any CPU.Build.0 = Debug|Any CPU
		{D31D6B7E-2450-84AE-75A1-5B8C1FE8E1BC}.Release|Any CPU.ActiveCfg = Release|Any CPU
		{D31D6B7E-2450-84AE-75A1-5B8C1FE8E1BC}.Release|Any CPU.Build.0 = Release|Any CPU
		{E51B7942-2B77-5602-07C8-49A8D39A8547}.Debug|Any CPU.ActiveCfg = Debug|Any CPU
		{E51B7942-2B77-5602-07C8-49A8D39A8547}.Debug|Any CPU.Build.0 = Debug|Any CPU
		{E51B7942-2B77-5602-07C8-49A8D39A8547}.Release|Any CPU.ActiveCfg = Release|Any CPU
		{E51B7942-2B77-5602-07C8-49A8D39A8547}.Release|Any CPU.Build.0 = Release|Any CPU
		{A645A696-5692-2F59-26B0-C37CF742DC88}.Debug|Any CPU.ActiveCfg = Debug|Any CPU
		{A645A696-5692-2F59-26B0-C37CF742DC88}.Debug|Any CPU.Build.0 = Debug|Any CPU
		{A645A696-5692-2F59-26B0-C37CF742DC88}.Release|Any CPU.ActiveCfg = Release|Any CPU
		{A645A696-5692-2F59-26B0-C37CF742DC88}.Release|Any CPU.Build.0 = Release|Any CPU
		{84D3FC7E-A8A0-D785-43A3-E476D37B4308}.Debug|Any CPU.ActiveCfg = Debug|Any CPU
		{84D3FC7E-A8A0-D785-43A3-E476D37B4308}.Debug|Any CPU.Build.0 = Debug|Any CPU
		{84D3FC7E-A8A0-D785-43A3-E476D37B4308}.Release|Any CPU.ActiveCfg = Release|Any CPU
		{84D3FC7E-A8A0-D785-43A3-E476D37B4308}.Release|Any CPU.Build.0 = Release|Any CPU
		{F55C1BB4-82D0-71FF-19EC-389A5B1DEADD}.Debug|Any CPU.ActiveCfg = Debug|Any CPU
		{F55C1BB4-82D0-71FF-19EC-389A5B1DEADD}.Debug|Any CPU.Build.0 = Debug|Any CPU
		{F55C1BB4-82D0-71FF-19EC-389A5B1DEADD}.Release|Any CPU.ActiveCfg = Release|Any CPU
		{F55C1BB4-82D0-71FF-19EC-389A5B1DEADD}.Release|Any CPU.Build.0 = Release|Any CPU
		{BE8E94BC-3399-70A9-8BC0-733331C5BF32}.Debug|Any CPU.ActiveCfg = Debug|Any CPU
		{BE8E94BC-3399-70A9-8BC0-733331C5BF32}.Debug|Any CPU.Build.0 = Debug|Any CPU
		{BE8E94BC-3399-70A9-8BC0-733331C5BF32}.Release|Any CPU.ActiveCfg = Release|Any CPU
		{BE8E94BC-3399-70A9-8BC0-733331C5BF32}.Release|Any CPU.Build.0 = Release|Any CPU
		{29FF4071-42EC-BA7F-D290-8DDEFF3EB4AE}.Debug|Any CPU.ActiveCfg = Debug|Any CPU
		{29FF4071-42EC-BA7F-D290-8DDEFF3EB4AE}.Debug|Any CPU.Build.0 = Debug|Any CPU
		{29FF4071-42EC-BA7F-D290-8DDEFF3EB4AE}.Release|Any CPU.ActiveCfg = Release|Any CPU
		{29FF4071-42EC-BA7F-D290-8DDEFF3EB4AE}.Release|Any CPU.Build.0 = Release|Any CPU
		{47932FA7-A339-6CC8-0701-99F04C8279C8}.Debug|Any CPU.ActiveCfg = Debug|Any CPU
		{47932FA7-A339-6CC8-0701-99F04C8279C8}.Debug|Any CPU.Build.0 = Debug|Any CPU
		{47932FA7-A339-6CC8-0701-99F04C8279C8}.Release|Any CPU.ActiveCfg = Release|Any CPU
		{47932FA7-A339-6CC8-0701-99F04C8279C8}.Release|Any CPU.Build.0 = Release|Any CPU
		{09EB8412-0996-552F-5793-CBF9E5B87737}.Debug|Any CPU.ActiveCfg = Debug|Any CPU
		{09EB8412-0996-552F-5793-CBF9E5B87737}.Debug|Any CPU.Build.0 = Debug|Any CPU
		{09EB8412-0996-552F-5793-CBF9E5B87737}.Release|Any CPU.ActiveCfg = Release|Any CPU
		{09EB8412-0996-552F-5793-CBF9E5B87737}.Release|Any CPU.Build.0 = Release|Any CPU
		{BFAB307C-748C-0CAF-1025-38A615D1ACFD}.Debug|Any CPU.ActiveCfg = Debug|Any CPU
		{BFAB307C-748C-0CAF-1025-38A615D1ACFD}.Debug|Any CPU.Build.0 = Debug|Any CPU
		{BFAB307C-748C-0CAF-1025-38A615D1ACFD}.Release|Any CPU.ActiveCfg = Release|Any CPU
		{BFAB307C-748C-0CAF-1025-38A615D1ACFD}.Release|Any CPU.Build.0 = Release|Any CPU
		{A1451232-5720-C79E-B569-F06E1DFE775A}.Debug|Any CPU.ActiveCfg = Debug|Any CPU
		{A1451232-5720-C79E-B569-F06E1DFE775A}.Debug|Any CPU.Build.0 = Debug|Any CPU
		{A1451232-5720-C79E-B569-F06E1DFE775A}.Release|Any CPU.ActiveCfg = Release|Any CPU
		{A1451232-5720-C79E-B569-F06E1DFE775A}.Release|Any CPU.Build.0 = Release|Any CPU
		{5746BECC-D882-D0AC-ACA8-D2484EB5C249}.Debug|Any CPU.ActiveCfg = Debug|Any CPU
		{5746BECC-D882-D0AC-ACA8-D2484EB5C249}.Debug|Any CPU.Build.0 = Debug|Any CPU
		{5746BECC-D882-D0AC-ACA8-D2484EB5C249}.Release|Any CPU.ActiveCfg = Release|Any CPU
		{5746BECC-D882-D0AC-ACA8-D2484EB5C249}.Release|Any CPU.Build.0 = Release|Any CPU
		{A4804EF6-54D0-2C93-66EF-8675238B45B6}.Debug|Any CPU.ActiveCfg = Debug|Any CPU
		{A4804EF6-54D0-2C93-66EF-8675238B45B6}.Debug|Any CPU.Build.0 = Debug|Any CPU
		{A4804EF6-54D0-2C93-66EF-8675238B45B6}.Release|Any CPU.ActiveCfg = Release|Any CPU
		{A4804EF6-54D0-2C93-66EF-8675238B45B6}.Release|Any CPU.Build.0 = Release|Any CPU
		{64CD7E74-E5B0-9B66-0DD0-B791F21B4AB3}.Debug|Any CPU.ActiveCfg = Debug|Any CPU
		{64CD7E74-E5B0-9B66-0DD0-B791F21B4AB3}.Debug|Any CPU.Build.0 = Debug|Any CPU
		{64CD7E74-E5B0-9B66-0DD0-B791F21B4AB3}.Release|Any CPU.ActiveCfg = Release|Any CPU
		{64CD7E74-E5B0-9B66-0DD0-B791F21B4AB3}.Release|Any CPU.Build.0 = Release|Any CPU
		{37F31E55-B556-280F-20BC-741F9B75862C}.Debug|Any CPU.ActiveCfg = Debug|Any CPU
		{37F31E55-B556-280F-20BC-741F9B75862C}.Debug|Any CPU.Build.0 = Debug|Any CPU
		{37F31E55-B556-280F-20BC-741F9B75862C}.Release|Any CPU.ActiveCfg = Release|Any CPU
		{37F31E55-B556-280F-20BC-741F9B75862C}.Release|Any CPU.Build.0 = Release|Any CPU
		{9ADD320E-8A45-866A-179A-BBB2DABBDD72}.Debug|Any CPU.ActiveCfg = Debug|Any CPU
		{9ADD320E-8A45-866A-179A-BBB2DABBDD72}.Debug|Any CPU.Build.0 = Debug|Any CPU
		{9ADD320E-8A45-866A-179A-BBB2DABBDD72}.Release|Any CPU.ActiveCfg = Release|Any CPU
		{9ADD320E-8A45-866A-179A-BBB2DABBDD72}.Release|Any CPU.Build.0 = Release|Any CPU
		{B9ADF7DE-7D71-4B8D-1AAC-681386D1089A}.Debug|Any CPU.ActiveCfg = Debug|Any CPU
		{B9ADF7DE-7D71-4B8D-1AAC-681386D1089A}.Debug|Any CPU.Build.0 = Debug|Any CPU
		{B9ADF7DE-7D71-4B8D-1AAC-681386D1089A}.Release|Any CPU.ActiveCfg = Release|Any CPU
		{B9ADF7DE-7D71-4B8D-1AAC-681386D1089A}.Release|Any CPU.Build.0 = Release|Any CPU
		{924E38A3-A5B2-D9B7-1673-CAC40FFBDF67}.Debug|Any CPU.ActiveCfg = Debug|Any CPU
		{924E38A3-A5B2-D9B7-1673-CAC40FFBDF67}.Debug|Any CPU.Build.0 = Debug|Any CPU
		{924E38A3-A5B2-D9B7-1673-CAC40FFBDF67}.Release|Any CPU.ActiveCfg = Release|Any CPU
		{924E38A3-A5B2-D9B7-1673-CAC40FFBDF67}.Release|Any CPU.Build.0 = Release|Any CPU
		{0B2A860B-AB43-BB64-2CD8-D6AA25BA4E0C}.Debug|Any CPU.ActiveCfg = Debug|Any CPU
		{0B2A860B-AB43-BB64-2CD8-D6AA25BA4E0C}.Debug|Any CPU.Build.0 = Debug|Any CPU
		{0B2A860B-AB43-BB64-2CD8-D6AA25BA4E0C}.Release|Any CPU.ActiveCfg = Release|Any CPU
		{0B2A860B-AB43-BB64-2CD8-D6AA25BA4E0C}.Release|Any CPU.Build.0 = Release|Any CPU
		{1CB84FBA-3BBD-3FCD-F461-47D7B67D75C2}.Debug|Any CPU.ActiveCfg = Debug|Any CPU
		{1CB84FBA-3BBD-3FCD-F461-47D7B67D75C2}.Debug|Any CPU.Build.0 = Debug|Any CPU
		{1CB84FBA-3BBD-3FCD-F461-47D7B67D75C2}.Release|Any CPU.ActiveCfg = Release|Any CPU
		{1CB84FBA-3BBD-3FCD-F461-47D7B67D75C2}.Release|Any CPU.Build.0 = Release|Any CPU
		{1D3DADB6-2B32-1309-B558-DF62B65AA552}.Debug|Any CPU.ActiveCfg = Debug|Any CPU
		{1D3DADB6-2B32-1309-B558-DF62B65AA552}.Debug|Any CPU.Build.0 = Debug|Any CPU
		{1D3DADB6-2B32-1309-B558-DF62B65AA552}.Release|Any CPU.ActiveCfg = Release|Any CPU
		{1D3DADB6-2B32-1309-B558-DF62B65AA552}.Release|Any CPU.Build.0 = Release|Any CPU
		{B66A92DA-D35A-ED1E-8A9F-3E51F3D2F3C9}.Debug|Any CPU.ActiveCfg = Debug|Any CPU
		{B66A92DA-D35A-ED1E-8A9F-3E51F3D2F3C9}.Debug|Any CPU.Build.0 = Debug|Any CPU
		{B66A92DA-D35A-ED1E-8A9F-3E51F3D2F3C9}.Release|Any CPU.ActiveCfg = Release|Any CPU
		{B66A92DA-D35A-ED1E-8A9F-3E51F3D2F3C9}.Release|Any CPU.Build.0 = Release|Any CPU
		{1DC8FB2E-E37C-94FF-4784-04055CE5C6C9}.Debug|Any CPU.ActiveCfg = Debug|Any CPU
		{1DC8FB2E-E37C-94FF-4784-04055CE5C6C9}.Debug|Any CPU.Build.0 = Debug|Any CPU
		{1DC8FB2E-E37C-94FF-4784-04055CE5C6C9}.Release|Any CPU.ActiveCfg = Release|Any CPU
		{1DC8FB2E-E37C-94FF-4784-04055CE5C6C9}.Release|Any CPU.Build.0 = Release|Any CPU
		{796AE91F-67F0-2015-1356-0A89BC6422D4}.Debug|Any CPU.ActiveCfg = Debug|Any CPU
		{796AE91F-67F0-2015-1356-0A89BC6422D4}.Debug|Any CPU.Build.0 = Debug|Any CPU
		{796AE91F-67F0-2015-1356-0A89BC6422D4}.Release|Any CPU.ActiveCfg = Release|Any CPU
		{796AE91F-67F0-2015-1356-0A89BC6422D4}.Release|Any CPU.Build.0 = Release|Any CPU
		{4DB70BEC-044A-9894-6ABE-BE00615A7660}.Debug|Any CPU.ActiveCfg = Debug|Any CPU
		{4DB70BEC-044A-9894-6ABE-BE00615A7660}.Debug|Any CPU.Build.0 = Debug|Any CPU
		{4DB70BEC-044A-9894-6ABE-BE00615A7660}.Release|Any CPU.ActiveCfg = Release|Any CPU
		{4DB70BEC-044A-9894-6ABE-BE00615A7660}.Release|Any CPU.Build.0 = Release|Any CPU
		{9BB8C39F-9F3F-3B61-8B79-967486290DD4}.Debug|Any CPU.ActiveCfg = Debug|Any CPU
		{9BB8C39F-9F3F-3B61-8B79-967486290DD4}.Debug|Any CPU.Build.0 = Debug|Any CPU
		{9BB8C39F-9F3F-3B61-8B79-967486290DD4}.Release|Any CPU.ActiveCfg = Release|Any CPU
		{9BB8C39F-9F3F-3B61-8B79-967486290DD4}.Release|Any CPU.Build.0 = Release|Any CPU
		{AAEE29BA-28B6-5940-201F-6616D47AD8EA}.Debug|Any CPU.ActiveCfg = Debug|Any CPU
		{AAEE29BA-28B6-5940-201F-6616D47AD8EA}.Debug|Any CPU.Build.0 = Debug|Any CPU
		{AAEE29BA-28B6-5940-201F-6616D47AD8EA}.Release|Any CPU.ActiveCfg = Release|Any CPU
		{AAEE29BA-28B6-5940-201F-6616D47AD8EA}.Release|Any CPU.Build.0 = Release|Any CPU
		{7EFA7E85-EA53-4633-8D76-CB20A77D388D}.Debug|Any CPU.ActiveCfg = Debug|Any CPU
		{7EFA7E85-EA53-4633-8D76-CB20A77D388D}.Debug|Any CPU.Build.0 = Debug|Any CPU
		{7EFA7E85-EA53-4633-8D76-CB20A77D388D}.Release|Any CPU.ActiveCfg = Release|Any CPU
		{7EFA7E85-EA53-4633-8D76-CB20A77D388D}.Release|Any CPU.Build.0 = Release|Any CPU
		{791285AF-4D77-F5FC-E420-8F0D21637C59}.Debug|Any CPU.ActiveCfg = Debug|Any CPU
		{791285AF-4D77-F5FC-E420-8F0D21637C59}.Debug|Any CPU.Build.0 = Debug|Any CPU
		{791285AF-4D77-F5FC-E420-8F0D21637C59}.Release|Any CPU.ActiveCfg = Release|Any CPU
		{791285AF-4D77-F5FC-E420-8F0D21637C59}.Release|Any CPU.Build.0 = Release|Any CPU
		{62D35C7A-3D70-0F0B-3054-8211B1D71472}.Debug|Any CPU.ActiveCfg = Debug|Any CPU
		{62D35C7A-3D70-0F0B-3054-8211B1D71472}.Debug|Any CPU.Build.0 = Debug|Any CPU
		{62D35C7A-3D70-0F0B-3054-8211B1D71472}.Release|Any CPU.ActiveCfg = Release|Any CPU
		{62D35C7A-3D70-0F0B-3054-8211B1D71472}.Release|Any CPU.Build.0 = Release|Any CPU
		{CCA9F603-F53A-DF3F-E3FB-AD36828D1FEC}.Debug|Any CPU.ActiveCfg = Debug|Any CPU
		{CCA9F603-F53A-DF3F-E3FB-AD36828D1FEC}.Debug|Any CPU.Build.0 = Debug|Any CPU
		{CCA9F603-F53A-DF3F-E3FB-AD36828D1FEC}.Release|Any CPU.ActiveCfg = Release|Any CPU
		{CCA9F603-F53A-DF3F-E3FB-AD36828D1FEC}.Release|Any CPU.Build.0 = Release|Any CPU
		{2CD423D8-95CD-880C-937F-1C30FA0DF092}.Debug|Any CPU.ActiveCfg = Debug|Any CPU
		{2CD423D8-95CD-880C-937F-1C30FA0DF092}.Debug|Any CPU.Build.0 = Debug|Any CPU
		{2CD423D8-95CD-880C-937F-1C30FA0DF092}.Release|Any CPU.ActiveCfg = Release|Any CPU
		{2CD423D8-95CD-880C-937F-1C30FA0DF092}.Release|Any CPU.Build.0 = Release|Any CPU
		{FB3E9B93-EE26-7ED0-7090-F6A12FF6DE4B}.Debug|Any CPU.ActiveCfg = Debug|Any CPU
		{FB3E9B93-EE26-7ED0-7090-F6A12FF6DE4B}.Debug|Any CPU.Build.0 = Debug|Any CPU
		{FB3E9B93-EE26-7ED0-7090-F6A12FF6DE4B}.Release|Any CPU.ActiveCfg = Release|Any CPU
		{FB3E9B93-EE26-7ED0-7090-F6A12FF6DE4B}.Release|Any CPU.Build.0 = Release|Any CPU
		{6C97C53B-E8D0-6B35-C504-60EDF2D3926D}.Debug|Any CPU.ActiveCfg = Debug|Any CPU
		{6C97C53B-E8D0-6B35-C504-60EDF2D3926D}.Debug|Any CPU.Build.0 = Debug|Any CPU
		{6C97C53B-E8D0-6B35-C504-60EDF2D3926D}.Release|Any CPU.ActiveCfg = Release|Any CPU
		{6C97C53B-E8D0-6B35-C504-60EDF2D3926D}.Release|Any CPU.Build.0 = Release|Any CPU
		{EA3CF966-E3B3-5DB5-CCC9-9126A41B192D}.Debug|Any CPU.ActiveCfg = Debug|Any CPU
		{EA3CF966-E3B3-5DB5-CCC9-9126A41B192D}.Debug|Any CPU.Build.0 = Debug|Any CPU
		{EA3CF966-E3B3-5DB5-CCC9-9126A41B192D}.Release|Any CPU.ActiveCfg = Release|Any CPU
		{EA3CF966-E3B3-5DB5-CCC9-9126A41B192D}.Release|Any CPU.Build.0 = Release|Any CPU
		{13E3859A-2CC2-E5C3-1770-D2CF8D5C8687}.Debug|Any CPU.ActiveCfg = Debug|Any CPU
		{13E3859A-2CC2-E5C3-1770-D2CF8D5C8687}.Debug|Any CPU.Build.0 = Debug|Any CPU
		{13E3859A-2CC2-E5C3-1770-D2CF8D5C8687}.Release|Any CPU.ActiveCfg = Release|Any CPU
		{13E3859A-2CC2-E5C3-1770-D2CF8D5C8687}.Release|Any CPU.Build.0 = Release|Any CPU
		{287DD13A-976A-388D-2BD8-651A6A5C32C3}.Debug|Any CPU.ActiveCfg = Debug|Any CPU
		{287DD13A-976A-388D-2BD8-651A6A5C32C3}.Debug|Any CPU.Build.0 = Debug|Any CPU
		{287DD13A-976A-388D-2BD8-651A6A5C32C3}.Release|Any CPU.ActiveCfg = Release|Any CPU
		{287DD13A-976A-388D-2BD8-651A6A5C32C3}.Release|Any CPU.Build.0 = Release|Any CPU
		{56AC0E6E-AA22-9BAF-6284-8CDE0415DF8A}.Debug|Any CPU.ActiveCfg = Debug|Any CPU
		{56AC0E6E-AA22-9BAF-6284-8CDE0415DF8A}.Debug|Any CPU.Build.0 = Debug|Any CPU
		{56AC0E6E-AA22-9BAF-6284-8CDE0415DF8A}.Release|Any CPU.ActiveCfg = Release|Any CPU
		{56AC0E6E-AA22-9BAF-6284-8CDE0415DF8A}.Release|Any CPU.Build.0 = Release|Any CPU
		{477904C4-310D-C0F5-1C69-A31FC62EAC05}.Debug|Any CPU.ActiveCfg = Debug|Any CPU
		{477904C4-310D-C0F5-1C69-A31FC62EAC05}.Debug|Any CPU.Build.0 = Debug|Any CPU
		{477904C4-310D-C0F5-1C69-A31FC62EAC05}.Release|Any CPU.ActiveCfg = Release|Any CPU
		{477904C4-310D-C0F5-1C69-A31FC62EAC05}.Release|Any CPU.Build.0 = Release|Any CPU
		{8167146D-A649-3606-F3B3-DE7B206B577D}.Debug|Any CPU.ActiveCfg = Debug|Any CPU
		{8167146D-A649-3606-F3B3-DE7B206B577D}.Debug|Any CPU.Build.0 = Debug|Any CPU
		{8167146D-A649-3606-F3B3-DE7B206B577D}.Release|Any CPU.ActiveCfg = Release|Any CPU
		{8167146D-A649-3606-F3B3-DE7B206B577D}.Release|Any CPU.Build.0 = Release|Any CPU
		{BD00C142-8295-1FC2-E263-B49232C14D57}.Debug|Any CPU.ActiveCfg = Debug|Any CPU
		{BD00C142-8295-1FC2-E263-B49232C14D57}.Debug|Any CPU.Build.0 = Debug|Any CPU
		{BD00C142-8295-1FC2-E263-B49232C14D57}.Release|Any CPU.ActiveCfg = Release|Any CPU
		{BD00C142-8295-1FC2-E263-B49232C14D57}.Release|Any CPU.Build.0 = Release|Any CPU
		{3CD58A89-DB0B-F47F-8A08-EB42607A5245}.Debug|Any CPU.ActiveCfg = Debug|Any CPU
		{3CD58A89-DB0B-F47F-8A08-EB42607A5245}.Debug|Any CPU.Build.0 = Debug|Any CPU
		{3CD58A89-DB0B-F47F-8A08-EB42607A5245}.Release|Any CPU.ActiveCfg = Release|Any CPU
		{3CD58A89-DB0B-F47F-8A08-EB42607A5245}.Release|Any CPU.Build.0 = Release|Any CPU
		{A034B958-2C35-8E8A-AD2E-808B6F6C9030}.Debug|Any CPU.ActiveCfg = Debug|Any CPU
		{A034B958-2C35-8E8A-AD2E-808B6F6C9030}.Debug|Any CPU.Build.0 = Debug|Any CPU
		{A034B958-2C35-8E8A-AD2E-808B6F6C9030}.Release|Any CPU.ActiveCfg = Release|Any CPU
		{A034B958-2C35-8E8A-AD2E-808B6F6C9030}.Release|Any CPU.Build.0 = Release|Any CPU
		{23871724-BCBA-0B9B-1865-D6DA2B15DD52}.Debug|Any CPU.ActiveCfg = Debug|Any CPU
		{23871724-BCBA-0B9B-1865-D6DA2B15DD52}.Debug|Any CPU.Build.0 = Debug|Any CPU
		{23871724-BCBA-0B9B-1865-D6DA2B15DD52}.Release|Any CPU.ActiveCfg = Release|Any CPU
		{23871724-BCBA-0B9B-1865-D6DA2B15DD52}.Release|Any CPU.Build.0 = Release|Any CPU
		{0F273A45-F1C9-7A06-C14B-C8CB459725B6}.Debug|Any CPU.ActiveCfg = Debug|Any CPU
		{0F273A45-F1C9-7A06-C14B-C8CB459725B6}.Debug|Any CPU.Build.0 = Debug|Any CPU
		{0F273A45-F1C9-7A06-C14B-C8CB459725B6}.Release|Any CPU.ActiveCfg = Release|Any CPU
		{0F273A45-F1C9-7A06-C14B-C8CB459725B6}.Release|Any CPU.Build.0 = Release|Any CPU
		{140C7F44-F837-8760-C79D-F7F310A909C7}.Debug|Any CPU.ActiveCfg = Debug|Any CPU
		{140C7F44-F837-8760-C79D-F7F310A909C7}.Debug|Any CPU.Build.0 = Debug|Any CPU
		{140C7F44-F837-8760-C79D-F7F310A909C7}.Release|Any CPU.ActiveCfg = Release|Any CPU
		{140C7F44-F837-8760-C79D-F7F310A909C7}.Release|Any CPU.Build.0 = Release|Any CPU
		{E70FF753-930C-86E1-0493-50A2711A5D30}.Debug|Any CPU.ActiveCfg = Debug|Any CPU
		{E70FF753-930C-86E1-0493-50A2711A5D30}.Debug|Any CPU.Build.0 = Debug|Any CPU
		{E70FF753-930C-86E1-0493-50A2711A5D30}.Release|Any CPU.ActiveCfg = Release|Any CPU
		{E70FF753-930C-86E1-0493-50A2711A5D30}.Release|Any CPU.Build.0 = Release|Any CPU
		{A6E4086D-CC22-E238-8ED6-E37CF9DE72FA}.Debug|Any CPU.ActiveCfg = Debug|Any CPU
		{A6E4086D-CC22-E238-8ED6-E37CF9DE72FA}.Debug|Any CPU.Build.0 = Debug|Any CPU
		{A6E4086D-CC22-E238-8ED6-E37CF9DE72FA}.Release|Any CPU.ActiveCfg = Release|Any CPU
		{A6E4086D-CC22-E238-8ED6-E37CF9DE72FA}.Release|Any CPU.Build.0 = Release|Any CPU
		{174E18A4-0678-DF44-9612-091797CD4BA5}.Debug|Any CPU.ActiveCfg = Debug|Any CPU
		{174E18A4-0678-DF44-9612-091797CD4BA5}.Debug|Any CPU.Build.0 = Debug|Any CPU
		{174E18A4-0678-DF44-9612-091797CD4BA5}.Release|Any CPU.ActiveCfg = Release|Any CPU
		{174E18A4-0678-DF44-9612-091797CD4BA5}.Release|Any CPU.Build.0 = Release|Any CPU
		{BE2439FC-539B-E0D0-4712-1FEBE291449D}.Debug|Any CPU.ActiveCfg = Debug|Any CPU
		{BE2439FC-539B-E0D0-4712-1FEBE291449D}.Debug|Any CPU.Build.0 = Debug|Any CPU
		{BE2439FC-539B-E0D0-4712-1FEBE291449D}.Release|Any CPU.ActiveCfg = Release|Any CPU
		{BE2439FC-539B-E0D0-4712-1FEBE291449D}.Release|Any CPU.Build.0 = Release|Any CPU
		{860401EC-C883-6CB7-0C74-C69AB93A6E72}.Debug|Any CPU.ActiveCfg = Debug|Any CPU
		{860401EC-C883-6CB7-0C74-C69AB93A6E72}.Debug|Any CPU.Build.0 = Debug|Any CPU
		{860401EC-C883-6CB7-0C74-C69AB93A6E72}.Release|Any CPU.ActiveCfg = Release|Any CPU
		{860401EC-C883-6CB7-0C74-C69AB93A6E72}.Release|Any CPU.Build.0 = Release|Any CPU
		{8B245664-4CE9-C564-0F10-313F3169BB55}.Debug|Any CPU.ActiveCfg = Debug|Any CPU
		{8B245664-4CE9-C564-0F10-313F3169BB55}.Debug|Any CPU.Build.0 = Debug|Any CPU
		{8B245664-4CE9-C564-0F10-313F3169BB55}.Release|Any CPU.ActiveCfg = Release|Any CPU
		{8B245664-4CE9-C564-0F10-313F3169BB55}.Release|Any CPU.Build.0 = Release|Any CPU
	EndGlobalSection
	GlobalSection(SolutionProperties) = preSolution
		HideSolutionNode = FALSE
	EndGlobalSection
EndGlobal
