
Microsoft Visual Studio Solution File, Format Version 12.00
# Visual Studio 15
Project("{FAE04EC0-301F-11D3-BF4B-00C04F79EFBC}") = "Unity.Timeline", "Unity.Timeline.csproj", "{779D20E3-ECF1-41F7-6F17-DA5B72CD1694}"
EndProject
Project("{FAE04EC0-301F-11D3-BF4B-00C04F79EFBC}") = "Unity.Timeline.Editor", "Unity.Timeline.Editor.csproj", "{F3566417-647E-7C66-F2EE-A2B0F7BB3CE0}"
EndProject
Project("{FAE04EC0-301F-11D3-BF4B-00C04F79EFBC}") = "Unity.TextMeshPro.Editor", "Unity.TextMeshPro.Editor.csproj", "{F5138524-7A83-9AFD-2BFD-CF3AB270F53B}"
EndProject
Project("{FAE04EC0-301F-11D3-BF4B-00C04F79EFBC}") = "Unity.2D.Tilemap.Editor", "Unity.2D.Tilemap.Editor.csproj", "{D31D6B7E-2450-84AE-75A1-5B8C1FE8E1BC}"
EndProject
Project("{FAE04EC0-301F-11D3-BF4B-00C04F79EFBC}") = "Unity.Services.Core.Internal", "Unity.Services.Core.Internal.csproj", "{4780E03A-DAFF-5822-FC9F-AC63ABB1FA9E}"
EndProject
Project("{FAE04EC0-301F-11D3-BF4B-00C04F79EFBC}") = "UnityEditor.UI", "UnityEditor.UI.csproj", "{153B3772-F7DA-805D-E43B-10C7650E5FF2}"
EndProject
Project("{FAE04EC0-301F-11D3-BF4B-00C04F79EFBC}") = "Unity.PlasticSCM.Editor", "Unity.PlasticSCM.Editor.csproj", "{CA2EDF0A-B2B5-D3E4-D72C-124CC12DEEC0}"
EndProject
Project("{FAE04EC0-301F-11D3-BF4B-00C04F79EFBC}") = "UnityEngine.TestRunner", "UnityEngine.TestRunner.csproj", "{95177039-431B-0658-DE06-D6C24055F7C8}"
EndProject
Project("{FAE04EC0-301F-11D3-BF4B-00C04F79EFBC}") = "UnityEditor.Purchasing", "UnityEditor.Purchasing.csproj", "{EAB777ED-5C24-6187-0725-03C00BA51370}"
EndProject
Project("{FAE04EC0-301F-11D3-BF4B-00C04F79EFBC}") = "Unity.Mediation", "Unity.Mediation.csproj", "{6B136441-0DE6-AC30-D4CE-B8B8B9ED2B72}"
EndProject
Project("{FAE04EC0-301F-11D3-BF4B-00C04F79EFBC}") = "UnityEngine.Purchasing.Stores", "UnityEngine.Purchasing.Stores.csproj", "{116A7D37-8615-6B69-037F-7EA0F7DC60A5}"
EndProject
Project("{FAE04EC0-301F-11D3-BF4B-00C04F79EFBC}") = "UnityEditor.TestRunner", "UnityEditor.TestRunner.csproj", "{37A12BA8-3630-0A29-274D-77026CB8433D}"
EndProject
Project("{FAE04EC0-301F-11D3-BF4B-00C04F79EFBC}") = "Unity.Services.Analytics", "Unity.Services.Analytics.csproj", "{1EF90CB0-2C8D-A2F8-EDA8-7D1A0C6D3898}"
EndProject
Project("{FAE04EC0-301F-11D3-BF4B-00C04F79EFBC}") = "UnityEngine.Purchasing", "UnityEngine.Purchasing.csproj", "{1646400D-2111-7F6F-5CA6-B43CC88499FE}"
EndProject
Project("{FAE04EC0-301F-11D3-BF4B-00C04F79EFBC}") = "UnityEngine.UI", "UnityEngine.UI.csproj", "{A4804EF6-54D0-2C93-66EF-8675238B45B6}"
EndProject
Project("{FAE04EC0-301F-11D3-BF4B-00C04F79EFBC}") = "Unity.AI.Navigation.Editor", "Unity.AI.Navigation.Editor.csproj", "{57D5910E-F514-B0C9-07CD-BE5C804C630A}"
EndProject
Project("{FAE04EC0-301F-11D3-BF4B-00C04F79EFBC}") = "Unity.VisualStudio.Editor", "Unity.VisualStudio.Editor.csproj", "{29FF4071-42EC-BA7F-D290-8DDEFF3EB4AE}"
EndProject
Project("{FAE04EC0-301F-11D3-BF4B-00C04F79EFBC}") = "Unity.Mediation.Settings.Editor", "Unity.Mediation.Settings.Editor.csproj", "{4FE59F85-2636-3DC3-AF28-E7472AEB3E77}"
EndProject
Project("{FAE04EC0-301F-11D3-BF4B-00C04F79EFBC}") = "Unity.Rider.Editor", "Unity.Rider.Editor.csproj", "{09EB8412-0996-552F-5793-CBF9E5B87737}"
EndProject
Project("{FAE04EC0-301F-11D3-BF4B-00C04F79EFBC}") = "Unity.Services.Core.Environments.Internal", "Unity.Services.Core.Environments.Internal.csproj", "{74DBBC9B-8B83-C6B6-11C3-FE4A56EA9E90}"
EndProject
Project("{FAE04EC0-301F-11D3-BF4B-00C04F79EFBC}") = "Unity.Services.Core.Telemetry", "Unity.Services.Core.Telemetry.csproj", "{4C5045D1-E699-0773-BBD9-CE74499F9DE9}"
EndProject
Project("{FAE04EC0-301F-11D3-BF4B-00C04F79EFBC}") = "Unity.Mediation.Build.Editor", "Unity.Mediation.Build.Editor.csproj", "{61839A6A-A5F6-D80A-D511-3006C0FE979E}"
EndProject
Project("{FAE04EC0-301F-11D3-BF4B-00C04F79EFBC}") = "Unity.AI.Navigation", "Unity.AI.Navigation.csproj", "{E932D18F-4418-D65C-7FB2-2CF8840C6548}"
EndProject
Project("{FAE04EC0-301F-11D3-BF4B-00C04F79EFBC}") = "Unity.Services.Core.Editor", "Unity.Services.Core.Editor.csproj", "{3F2F49C5-BA27-2D08-AF5A-7E33F52665BD}"
EndProject
Project("{FAE04EC0-301F-11D3-BF4B-00C04F79EFBC}") = "Unity.Services.Core.Configuration", "Unity.Services.Core.Configuration.csproj", "{B81432D9-D9F0-B354-6078-2693D9CCF2ED}"
EndProject
Project("{FAE04EC0-301F-11D3-BF4B-00C04F79EFBC}") = "Unity.AI.Navigation.Editor.ConversionSystem", "Unity.AI.Navigation.Editor.ConversionSystem.csproj", "{D23B1AC5-876C-5839-484C-F30F2ABB2F81}"
EndProject
Project("{FAE04EC0-301F-11D3-BF4B-00C04F79EFBC}") = "UnityEditor.XR.LegacyInputHelpers", "UnityEditor.XR.LegacyInputHelpers.csproj", "{AF812AAF-6CB3-CBA2-036B-9DCCB00B47D9}"
EndProject
Project("{FAE04EC0-301F-11D3-BF4B-00C04F79EFBC}") = "Unity.Services.Core.Configuration.Editor", "Unity.Services.Core.Configuration.Editor.csproj", "{538F449C-9CEA-98B1-62A1-B06E4FA5DB12}"
EndProject
Project("{FAE04EC0-301F-11D3-BF4B-00C04F79EFBC}") = "Unity.Services.Core", "Unity.Services.Core.csproj", "{AD9B42E2-9875-8B60-3598-29928843A213}"
EndProject
Project("{FAE04EC0-301F-11D3-BF4B-00C04F79EFBC}") = "Unity.TextMeshPro", "Unity.TextMeshPro.csproj", "{B9ADF7DE-7D71-4B8D-1AAC-681386D1089A}"
EndProject
Project("{FAE04EC0-301F-11D3-BF4B-00C04F79EFBC}") = "Unity.Services.Core.Networking", "Unity.Services.Core.Networking.csproj", "{88364368-4FB2-F366-EAC2-38C5A0C6058C}"
EndProject
Project("{FAE04EC0-301F-11D3-BF4B-00C04F79EFBC}") = "Unity.Services.Core.Scheduler", "Unity.Services.Core.Scheduler.csproj", "{F09916D8-B26E-16C1-4BAC-F0DCF3F2F55F}"
EndProject
Project("{FAE04EC0-301F-11D3-BF4B-00C04F79EFBC}") = "Unity.Services.Analytics.Editor", "Unity.Services.Analytics.Editor.csproj", "{307F012C-C8A0-3063-591C-0778B253522C}"
EndProject
Project("{FAE04EC0-301F-11D3-BF4B-00C04F79EFBC}") = "Unity.2D.Sprite.Editor", "Unity.2D.Sprite.Editor.csproj", "{AAEE29BA-28B6-5940-201F-6616D47AD8EA}"
EndProject
Project("{FAE04EC0-301F-11D3-BF4B-00C04F79EFBC}") = "UnityEngine.Purchasing.AppleMacosStub", "UnityEngine.Purchasing.AppleMacosStub.csproj", "{BB331FB9-DEE8-62BD-B16A-C214231B3453}"
EndProject
Project("{FAE04EC0-301F-11D3-BF4B-00C04F79EFBC}") = "Unity.AI.Navigation.Updater", "Unity.AI.Navigation.Updater.csproj", "{2AA8DFCB-FF3A-8AD1-491C-DF7E557A22B7}"
EndProject
Project("{FAE04EC0-301F-11D3-BF4B-00C04F79EFBC}") = "UnityEngine.Purchasing.Codeless", "UnityEngine.Purchasing.Codeless.csproj", "{60BBCFF3-2956-56CB-F0DB-457AD9280575}"
EndProject
Project("{FAE04EC0-301F-11D3-BF4B-00C04F79EFBC}") = "UnityEditor.SpatialTracking", "UnityEditor.SpatialTracking.csproj", "{D5796A8C-BC9D-CBED-3F51-AEFDCEC1E8A0}"
EndProject
Project("{FAE04EC0-301F-11D3-BF4B-00C04F79EFBC}") = "Unity.Mediation.Adapters.Editor", "Unity.Mediation.Adapters.Editor.csproj", "{25533F89-7E69-910B-01C8-4EF2BAC3545A}"
EndProject
Project("{FAE04EC0-301F-11D3-BF4B-00C04F79EFBC}") = "Unity.Analytics.DataPrivacy", "Unity.Analytics.DataPrivacy.csproj", "{E6012684-BDE8-884D-E980-F33A66A26739}"
EndProject
Project("{FAE04EC0-301F-11D3-BF4B-00C04F79EFBC}") = "UnityEngine.Purchasing.SecurityStub", "UnityEngine.Purchasing.SecurityStub.csproj", "{1D4679B4-0604-92B9-8F2C-C715A59D2E2E}"
EndProject
Project("{FAE04EC0-301F-11D3-BF4B-00C04F79EFBC}") = "Unity.Settings.Editor", "Unity.Settings.Editor.csproj", "{CCBE1741-D5C0-73EB-6A70-E27B6FA0B4CA}"
EndProject
Project("{FAE04EC0-301F-11D3-BF4B-00C04F79EFBC}") = "Unity.Services.Core.Registration", "Unity.Services.Core.Registration.csproj", "{D93B42BB-692A-08AF-15AF-31F3215B44E7}"
EndProject
Project("{FAE04EC0-301F-11D3-BF4B-00C04F79EFBC}") = "UnityEngine.Purchasing.SecurityCore", "UnityEngine.Purchasing.SecurityCore.csproj", "{C2703A04-C88A-C2AF-22F8-323DF4E4C556}"
EndProject
Project("{FAE04EC0-301F-11D3-BF4B-00C04F79EFBC}") = "UnityEngine.Purchasing.WinRTStub", "UnityEngine.Purchasing.WinRTStub.csproj", "{8CAFC80D-556B-E71B-5971-BA5E384E51DF}"
EndProject
Project("{FAE04EC0-301F-11D3-BF4B-00C04F79EFBC}") = "Unity.Services.Core.Analytics", "Unity.Services.Core.Analytics.csproj", "{C16F61BB-3CC2-68D0-A925-6F3A059A72AD}"
EndProject
Project("{FAE04EC0-301F-11D3-BF4B-00C04F79EFBC}") = "UnityEngine.SpatialTracking", "UnityEngine.SpatialTracking.csproj", "{D111D051-6887-1310-2181-1B99DA24BA65}"
EndProject
Project("{FAE04EC0-301F-11D3-BF4B-00C04F79EFBC}") = "Unity.Services.Core.Threading", "Unity.Services.Core.Threading.csproj", "{4680CADB-6BC8-62F6-8C85-A09A62DBCC6D}"
EndProject
Project("{FAE04EC0-301F-11D3-BF4B-00C04F79EFBC}") = "UnityEngine.Purchasing.AppleStub", "UnityEngine.Purchasing.AppleStub.csproj", "{C26976AF-C72A-9E45-F5F0-E46773EC7BA7}"
EndProject
Project("{FAE04EC0-301F-11D3-BF4B-00C04F79EFBC}") = "Assembly-CSharp", "Assembly-CSharp.csproj", "{47932FA7-A339-6CC8-0701-99F04C8279C8}"
EndProject
Project("{FAE04EC0-301F-11D3-BF4B-00C04F79EFBC}") = "Unity.Services.Core.Device", "Unity.Services.Core.Device.csproj", "{86278442-C794-B40C-B6E5-130108BE61C8}"
EndProject
Project("{FAE04EC0-301F-11D3-BF4B-00C04F79EFBC}") = "PlayServicesResolver.Installer.Editor", "PlayServicesResolver.Installer.Editor.csproj", "{E3AE0A39-731F-5EB8-8237-E3A5887F8DEC}"
EndProject
Project("{FAE04EC0-301F-11D3-BF4B-00C04F79EFBC}") = "UnityEngine.Purchasing.WinRTCore", "UnityEngine.Purchasing.WinRTCore.csproj", "{6072AF31-03E5-4585-FBAB-E60A72B8F151}"
EndProject
Project("{FAE04EC0-301F-11D3-BF4B-00C04F79EFBC}") = "PlayServicesResolver.Utils.Editor", "PlayServicesResolver.Utils.Editor.csproj", "{54B7627D-3F2E-3640-0395-EF1BC640FC21}"
EndProject
Project("{FAE04EC0-301F-11D3-BF4B-00C04F79EFBC}") = "Purchasing.Common", "Purchasing.Common.csproj", "{2AAC42EB-EF15-3D6E-F04E-2C7CFBFCD19A}"
EndProject
Project("{FAE04EC0-301F-11D3-BF4B-00C04F79EFBC}") = "Unity.Services.Core.Environments", "Unity.Services.Core.Environments.csproj", "{6F385E47-93CB-6A1C-1DA9-2D7CFEB6AC97}"
EndProject
Project("{FAE04EC0-301F-11D3-BF4B-00C04F79EFBC}") = "UnityEngine.XR.LegacyInputHelpers", "UnityEngine.XR.LegacyInputHelpers.csproj", "{C42E13E0-B8AD-DFF7-9C21-C1B9EF5483F1}"
EndProject
Project("{FAE04EC0-301F-11D3-BF4B-00C04F79EFBC}") = "UnityEngine.Purchasing.AppleCore", "UnityEngine.Purchasing.AppleCore.csproj", "{076AECEC-839F-7942-2593-BF29A48AB3E8}"
EndProject
Project("{FAE04EC0-301F-11D3-BF4B-00C04F79EFBC}") = "Unity.CollabProxy.Editor", "Unity.CollabProxy.Editor.csproj", "{6C97C53B-E8D0-6B35-C504-60EDF2D3926D}"
EndProject
Project("{FAE04EC0-301F-11D3-BF4B-00C04F79EFBC}") = "Analytics", "Analytics.csproj", "{A67E9E9B-7674-C91E-4B73-993061F1679A}"
EndProject
Project("{FAE04EC0-301F-11D3-BF4B-00C04F79EFBC}") = "Unity.Timeline", "Unity.Timeline.Player.csproj", "{EA3CF966-E3B3-5DB5-CCC9-9126A41B192D}"
EndProject
Project("{FAE04EC0-301F-11D3-BF4B-00C04F79EFBC}") = "Unity.Services.Core.Internal", "Unity.Services.Core.Internal.Player.csproj", "{F6DB546A-57CE-30BC-667C-845CCFCC51A0}"
EndProject
Project("{FAE04EC0-301F-11D3-BF4B-00C04F79EFBC}") = "UnityEngine.TestRunner", "UnityEngine.TestRunner.Player.csproj", "{477904C4-310D-C0F5-1C69-A31FC62EAC05}"
EndProject
Project("{FAE04EC0-301F-11D3-BF4B-00C04F79EFBC}") = "Unity.Mediation", "Unity.Mediation.Player.csproj", "{2478C7C5-B615-E256-C539-BFDBDB5CE026}"
EndProject
Project("{FAE04EC0-301F-11D3-BF4B-00C04F79EFBC}") = "UnityEngine.Purchasing.Stores", "UnityEngine.Purchasing.Stores.Player.csproj", "{CAB221FB-0F8D-E8CA-2F25-0BB559E913E3}"
EndProject
Project("{FAE04EC0-301F-11D3-BF4B-00C04F79EFBC}") = "Unity.Services.Analytics", "Unity.Services.Analytics.Player.csproj", "{B9BDF3C2-8A9C-F4A5-72BA-97FA0F46FFA4}"
EndProject
Project("{FAE04EC0-301F-11D3-BF4B-00C04F79EFBC}") = "UnityEngine.Purchasing", "UnityEngine.Purchasing.Player.csproj", "{24F2B733-53A1-AE25-E0B2-5B6C5CE4D653}"
EndProject
Project("{FAE04EC0-301F-11D3-BF4B-00C04F79EFBC}") = "UnityEngine.UI", "UnityEngine.UI.Player.csproj", "{0F273A45-F1C9-7A06-C14B-C8CB459725B6}"
EndProject
Project("{FAE04EC0-301F-11D3-BF4B-00C04F79EFBC}") = "Unity.Services.Core.Environments.Internal", "Unity.Services.Core.Environments.Internal.Player.csproj", "{A77CDEA3-2F53-60BF-A305-47BB7C3C15FF}"
EndProject
Project("{FAE04EC0-301F-11D3-BF4B-00C04F79EFBC}") = "Unity.Services.Core.Telemetry", "Unity.Services.Core.Telemetry.Player.csproj", "{94008FA2-D365-38B7-15BB-9AE610135248}"
EndProject
Project("{FAE04EC0-301F-11D3-BF4B-00C04F79EFBC}") = "Unity.AI.Navigation", "Unity.AI.Navigation.Player.csproj", "{29419A04-C78D-B842-1990-6BCD3E59FFFD}"
EndProject
Project("{FAE04EC0-301F-11D3-BF4B-00C04F79EFBC}") = "Unity.Services.Core.Configuration", "Unity.Services.Core.Configuration.Player.csproj", "{795969C2-0BB3-C5B1-23E6-BB842FE9CAC2}"
EndProject
Project("{FAE04EC0-301F-11D3-BF4B-00C04F79EFBC}") = "Unity.Services.Core", "Unity.Services.Core.Player.csproj", "{ED9C684B-9906-9C38-8DFA-97FBDFF055C2}"
EndProject
Project("{FAE04EC0-301F-11D3-BF4B-00C04F79EFBC}") = "Unity.TextMeshPro", "Unity.TextMeshPro.Player.csproj", "{E70FF753-930C-86E1-0493-50A2711A5D30}"
EndProject
Project("{FAE04EC0-301F-11D3-BF4B-00C04F79EFBC}") = "Unity.Services.Core.Networking", "Unity.Services.Core.Networking.Player.csproj", "{36DF8061-DC72-ED3D-DDF7-34306236991C}"
EndProject
Project("{FAE04EC0-301F-11D3-BF4B-00C04F79EFBC}") = "Unity.Services.Core.Scheduler", "Unity.Services.Core.Scheduler.Player.csproj", "{08BF9B0D-4DCC-3CF5-29AF-1914AF64BFDB}"
EndProject
Project("{FAE04EC0-301F-11D3-BF4B-00C04F79EFBC}") = "UnityEngine.Purchasing.AppleMacosStub", "UnityEngine.Purchasing.AppleMacosStub.Player.csproj", "{08CDAB67-98D0-87A1-217D-B35FD2DF8417}"
EndProject
Project("{FAE04EC0-301F-11D3-BF4B-00C04F79EFBC}") = "UnityEngine.Purchasing.Codeless", "UnityEngine.Purchasing.Codeless.Player.csproj", "{F62951C0-6B1D-C213-60A6-D3EE71C608A5}"
EndProject
Project("{FAE04EC0-301F-11D3-BF4B-00C04F79EFBC}") = "Unity.Analytics.DataPrivacy", "Unity.Analytics.DataPrivacy.Player.csproj", "{0B93C826-E4B3-3181-17F5-C61EF35A1D0F}"
EndProject
Project("{FAE04EC0-301F-11D3-BF4B-00C04F79EFBC}") = "UnityEngine.Purchasing.SecurityStub", "UnityEngine.Purchasing.SecurityStub.Player.csproj", "{7FD9E8BA-3ACF-07DB-884B-77AD8737CD75}"
EndProject
Project("{FAE04EC0-301F-11D3-BF4B-00C04F79EFBC}") = "Unity.Services.Core.Registration", "Unity.Services.Core.Registration.Player.csproj", "{0E3B8AB0-52CC-E9D7-7174-9812D9F1A8DF}"
EndProject
Project("{FAE04EC0-301F-11D3-BF4B-00C04F79EFBC}") = "UnityEngine.Purchasing.SecurityCore", "UnityEngine.Purchasing.SecurityCore.Player.csproj", "{A29572ED-1D20-D897-A6B5-8E624FFD5EB4}"
EndProject
Project("{FAE04EC0-301F-11D3-BF4B-00C04F79EFBC}") = "UnityEngine.Purchasing.WinRTStub", "UnityEngine.Purchasing.WinRTStub.Player.csproj", "{AB4DE89D-36E6-7D9E-C5B1-89B750318090}"
EndProject
Project("{FAE04EC0-301F-11D3-BF4B-00C04F79EFBC}") = "Unity.Services.Core.Analytics", "Unity.Services.Core.Analytics.Player.csproj", "{DEB74B9C-5448-D679-63E8-A34BEB0211BC}"
EndProject
Project("{FAE04EC0-301F-11D3-BF4B-00C04F79EFBC}") = "UnityEngine.SpatialTracking", "UnityEngine.SpatialTracking.Player.csproj", "{62E25C89-A457-6957-4556-DCDB7D39A6F4}"
EndProject
Project("{FAE04EC0-301F-11D3-BF4B-00C04F79EFBC}") = "Unity.Services.Core.Threading", "Unity.Services.Core.Threading.Player.csproj", "{88E5B615-18C8-D085-1614-65A399B722D2}"
EndProject
Project("{FAE04EC0-301F-11D3-BF4B-00C04F79EFBC}") = "UnityEngine.Purchasing.AppleStub", "UnityEngine.Purchasing.AppleStub.Player.csproj", "{6248A784-BE83-6657-3757-56D7125E4EBB}"
EndProject
Project("{FAE04EC0-301F-11D3-BF4B-00C04F79EFBC}") = "Assembly-CSharp", "Assembly-CSharp.Player.csproj", "{A034B958-2C35-8E8A-AD2E-808B6F6C9030}"
EndProject
Project("{FAE04EC0-301F-11D3-BF4B-00C04F79EFBC}") = "Unity.Services.Core.Device", "Unity.Services.Core.Device.Player.csproj", "{78271C96-20F9-D113-3E79-C97C68343881}"
EndProject
Project("{FAE04EC0-301F-11D3-BF4B-00C04F79EFBC}") = "UnityEngine.Purchasing.WinRTCore", "UnityEngine.Purchasing.WinRTCore.Player.csproj", "{B681EBB0-C76B-40DA-7746-941D60C5591E}"
EndProject
Project("{FAE04EC0-301F-11D3-BF4B-00C04F79EFBC}") = "Purchasing.Common", "Purchasing.Common.Player.csproj", "{6ACAAC8D-3D0A-3B01-00CC-3BF9E696FEA6}"
EndProject
Project("{FAE04EC0-301F-11D3-BF4B-00C04F79EFBC}") = "Unity.Services.Core.Environments", "Unity.Services.Core.Environments.Player.csproj", "{11DC54FC-DFC8-54F6-6E30-69FB74BFC3BD}"
EndProject
Project("{FAE04EC0-301F-11D3-BF4B-00C04F79EFBC}") = "UnityEngine.XR.LegacyInputHelpers", "UnityEngine.XR.LegacyInputHelpers.Player.csproj", "{7B644ED7-E8A1-7AB1-79DB-64F25A0B983E}"
EndProject
Project("{FAE04EC0-301F-11D3-BF4B-00C04F79EFBC}") = "UnityEngine.Purchasing.AppleCore", "UnityEngine.Purchasing.AppleCore.Player.csproj", "{3CFBA683-A3CA-08AB-3EBC-DC7C7FEAF457}"
EndProject
Global
	GlobalSection(SolutionConfigurationPlatforms) = preSolution
		Debug|Any CPU = Debug|Any CPU
		Release|Any CPU = Release|Any CPU
	EndGlobalSection
	GlobalSection(ProjectConfigurationPlatforms) = postSolution
		{779D20E3-ECF1-41F7-6F17-DA5B72CD1694}.Debug|Any CPU.ActiveCfg = Debug|Any CPU
		{779D20E3-ECF1-41F7-6F17-DA5B72CD1694}.Debug|Any CPU.Build.0 = Debug|Any CPU
		{779D20E3-ECF1-41F7-6F17-DA5B72CD1694}.Release|Any CPU.ActiveCfg = Release|Any CPU
		{779D20E3-ECF1-41F7-6F17-DA5B72CD1694}.Release|Any CPU.Build.0 = Release|Any CPU
		{F3566417-647E-7C66-F2EE-A2B0F7BB3CE0}.Debug|Any CPU.ActiveCfg = Debug|Any CPU
		{F3566417-647E-7C66-F2EE-A2B0F7BB3CE0}.Debug|Any CPU.Build.0 = Debug|Any CPU
		{F3566417-647E-7C66-F2EE-A2B0F7BB3CE0}.Release|Any CPU.ActiveCfg = Release|Any CPU
		{F3566417-647E-7C66-F2EE-A2B0F7BB3CE0}.Release|Any CPU.Build.0 = Release|Any CPU
		{F5138524-7A83-9AFD-2BFD-CF3AB270F53B}.Debug|Any CPU.ActiveCfg = Debug|Any CPU
		{F5138524-7A83-9AFD-2BFD-CF3AB270F53B}.Debug|Any CPU.Build.0 = Debug|Any CPU
		{F5138524-7A83-9AFD-2BFD-CF3AB270F53B}.Release|Any CPU.ActiveCfg = Release|Any CPU
		{F5138524-7A83-9AFD-2BFD-CF3AB270F53B}.Release|Any CPU.Build.0 = Release|Any CPU
		{D31D6B7E-2450-84AE-75A1-5B8C1FE8E1BC}.Debug|Any CPU.ActiveCfg = Debug|Any CPU
		{D31D6B7E-2450-84AE-75A1-5B8C1FE8E1BC}.Debug|Any CPU.Build.0 = Debug|Any CPU
		{D31D6B7E-2450-84AE-75A1-5B8C1FE8E1BC}.Release|Any CPU.ActiveCfg = Release|Any CPU
		{D31D6B7E-2450-84AE-75A1-5B8C1FE8E1BC}.Release|Any CPU.Build.0 = Release|Any CPU
		{4780E03A-DAFF-5822-FC9F-AC63ABB1FA9E}.Debug|Any CPU.ActiveCfg = Debug|Any CPU
		{4780E03A-DAFF-5822-FC9F-AC63ABB1FA9E}.Debug|Any CPU.Build.0 = Debug|Any CPU
		{4780E03A-DAFF-5822-FC9F-AC63ABB1FA9E}.Release|Any CPU.ActiveCfg = Release|Any CPU
		{4780E03A-DAFF-5822-FC9F-AC63ABB1FA9E}.Release|Any CPU.Build.0 = Release|Any CPU
		{153B3772-F7DA-805D-E43B-10C7650E5FF2}.Debug|Any CPU.ActiveCfg = Debug|Any CPU
		{153B3772-F7DA-805D-E43B-10C7650E5FF2}.Debug|Any CPU.Build.0 = Debug|Any CPU
		{153B3772-F7DA-805D-E43B-10C7650E5FF2}.Release|Any CPU.ActiveCfg = Release|Any CPU
		{153B3772-F7DA-805D-E43B-10C7650E5FF2}.Release|Any CPU.Build.0 = Release|Any CPU
		{CA2EDF0A-B2B5-D3E4-D72C-124CC12DEEC0}.Debug|Any CPU.ActiveCfg = Debug|Any CPU
		{CA2EDF0A-B2B5-D3E4-D72C-124CC12DEEC0}.Debug|Any CPU.Build.0 = Debug|Any CPU
		{CA2EDF0A-B2B5-D3E4-D72C-124CC12DEEC0}.Release|Any CPU.ActiveCfg = Release|Any CPU
		{CA2EDF0A-B2B5-D3E4-D72C-124CC12DEEC0}.Release|Any CPU.Build.0 = Release|Any CPU
		{95177039-431B-0658-DE06-D6C24055F7C8}.Debug|Any CPU.ActiveCfg = Debug|Any CPU
		{95177039-431B-0658-DE06-D6C24055F7C8}.Debug|Any CPU.Build.0 = Debug|Any CPU
		{95177039-431B-0658-DE06-D6C24055F7C8}.Release|Any CPU.ActiveCfg = Release|Any CPU
		{95177039-431B-0658-DE06-D6C24055F7C8}.Release|Any CPU.Build.0 = Release|Any CPU
		{EAB777ED-5C24-6187-0725-03C00BA51370}.Debug|Any CPU.ActiveCfg = Debug|Any CPU
		{EAB777ED-5C24-6187-0725-03C00BA51370}.Debug|Any CPU.Build.0 = Debug|Any CPU
		{EAB777ED-5C24-6187-0725-03C00BA51370}.Release|Any CPU.ActiveCfg = Release|Any CPU
		{EAB777ED-5C24-6187-0725-03C00BA51370}.Release|Any CPU.Build.0 = Release|Any CPU
		{6B136441-0DE6-AC30-D4CE-B8B8B9ED2B72}.Debug|Any CPU.ActiveCfg = Debug|Any CPU
		{6B136441-0DE6-AC30-D4CE-B8B8B9ED2B72}.Debug|Any CPU.Build.0 = Debug|Any CPU
		{6B136441-0DE6-AC30-D4CE-B8B8B9ED2B72}.Release|Any CPU.ActiveCfg = Release|Any CPU
		{6B136441-0DE6-AC30-D4CE-B8B8B9ED2B72}.Release|Any CPU.Build.0 = Release|Any CPU
		{116A7D37-8615-6B69-037F-7EA0F7DC60A5}.Debug|Any CPU.ActiveCfg = Debug|Any CPU
		{116A7D37-8615-6B69-037F-7EA0F7DC60A5}.Debug|Any CPU.Build.0 = Debug|Any CPU
		{116A7D37-8615-6B69-037F-7EA0F7DC60A5}.Release|Any CPU.ActiveCfg = Release|Any CPU
		{116A7D37-8615-6B69-037F-7EA0F7DC60A5}.Release|Any CPU.Build.0 = Release|Any CPU
		{37A12BA8-3630-0A29-274D-77026CB8433D}.Debug|Any CPU.ActiveCfg = Debug|Any CPU
		{37A12BA8-3630-0A29-274D-77026CB8433D}.Debug|Any CPU.Build.0 = Debug|Any CPU
		{37A12BA8-3630-0A29-274D-77026CB8433D}.Release|Any CPU.ActiveCfg = Release|Any CPU
		{37A12BA8-3630-0A29-274D-77026CB8433D}.Release|Any CPU.Build.0 = Release|Any CPU
		{1EF90CB0-2C8D-A2F8-EDA8-7D1A0C6D3898}.Debug|Any CPU.ActiveCfg = Debug|Any CPU
		{1EF90CB0-2C8D-A2F8-EDA8-7D1A0C6D3898}.Debug|Any CPU.Build.0 = Debug|Any CPU
		{1EF90CB0-2C8D-A2F8-EDA8-7D1A0C6D3898}.Release|Any CPU.ActiveCfg = Release|Any CPU
		{1EF90CB0-2C8D-A2F8-EDA8-7D1A0C6D3898}.Release|Any CPU.Build.0 = Release|Any CPU
		{1646400D-2111-7F6F-5CA6-B43CC88499FE}.Debug|Any CPU.ActiveCfg = Debug|Any CPU
		{1646400D-2111-7F6F-5CA6-B43CC88499FE}.Debug|Any CPU.Build.0 = Debug|Any CPU
		{1646400D-2111-7F6F-5CA6-B43CC88499FE}.Release|Any CPU.ActiveCfg = Release|Any CPU
		{1646400D-2111-7F6F-5CA6-B43CC88499FE}.Release|Any CPU.Build.0 = Release|Any CPU
		{A4804EF6-54D0-2C93-66EF-8675238B45B6}.Debug|Any CPU.ActiveCfg = Debug|Any CPU
		{A4804EF6-54D0-2C93-66EF-8675238B45B6}.Debug|Any CPU.Build.0 = Debug|Any CPU
		{A4804EF6-54D0-2C93-66EF-8675238B45B6}.Release|Any CPU.ActiveCfg = Release|Any CPU
		{A4804EF6-54D0-2C93-66EF-8675238B45B6}.Release|Any CPU.Build.0 = Release|Any CPU
		{57D5910E-F514-B0C9-07CD-BE5C804C630A}.Debug|Any CPU.ActiveCfg = Debug|Any CPU
		{57D5910E-F514-B0C9-07CD-BE5C804C630A}.Debug|Any CPU.Build.0 = Debug|Any CPU
		{57D5910E-F514-B0C9-07CD-BE5C804C630A}.Release|Any CPU.ActiveCfg = Release|Any CPU
		{57D5910E-F514-B0C9-07CD-BE5C804C630A}.Release|Any CPU.Build.0 = Release|Any CPU
		{29FF4071-42EC-BA7F-D290-8DDEFF3EB4AE}.Debug|Any CPU.ActiveCfg = Debug|Any CPU
		{29FF4071-42EC-BA7F-D290-8DDEFF3EB4AE}.Debug|Any CPU.Build.0 = Debug|Any CPU
		{29FF4071-42EC-BA7F-D290-8DDEFF3EB4AE}.Release|Any CPU.ActiveCfg = Release|Any CPU
		{29FF4071-42EC-BA7F-D290-8DDEFF3EB4AE}.Release|Any CPU.Build.0 = Release|Any CPU
		{4FE59F85-2636-3DC3-AF28-E7472AEB3E77}.Debug|Any CPU.ActiveCfg = Debug|Any CPU
		{4FE59F85-2636-3DC3-AF28-E7472AEB3E77}.Debug|Any CPU.Build.0 = Debug|Any CPU
		{4FE59F85-2636-3DC3-AF28-E7472AEB3E77}.Release|Any CPU.ActiveCfg = Release|Any CPU
		{4FE59F85-2636-3DC3-AF28-E7472AEB3E77}.Release|Any CPU.Build.0 = Release|Any CPU
		{09EB8412-0996-552F-5793-CBF9E5B87737}.Debug|Any CPU.ActiveCfg = Debug|Any CPU
		{09EB8412-0996-552F-5793-CBF9E5B87737}.Debug|Any CPU.Build.0 = Debug|Any CPU
		{09EB8412-0996-552F-5793-CBF9E5B87737}.Release|Any CPU.ActiveCfg = Release|Any CPU
		{09EB8412-0996-552F-5793-CBF9E5B87737}.Release|Any CPU.Build.0 = Release|Any CPU
		{74DBBC9B-8B83-C6B6-11C3-FE4A56EA9E90}.Debug|Any CPU.ActiveCfg = Debug|Any CPU
		{74DBBC9B-8B83-C6B6-11C3-FE4A56EA9E90}.Debug|Any CPU.Build.0 = Debug|Any CPU
		{74DBBC9B-8B83-C6B6-11C3-FE4A56EA9E90}.Release|Any CPU.ActiveCfg = Release|Any CPU
		{74DBBC9B-8B83-C6B6-11C3-FE4A56EA9E90}.Release|Any CPU.Build.0 = Release|Any CPU
		{4C5045D1-E699-0773-BBD9-CE74499F9DE9}.Debug|Any CPU.ActiveCfg = Debug|Any CPU
		{4C5045D1-E699-0773-BBD9-CE74499F9DE9}.Debug|Any CPU.Build.0 = Debug|Any CPU
		{4C5045D1-E699-0773-BBD9-CE74499F9DE9}.Release|Any CPU.ActiveCfg = Release|Any CPU
		{4C5045D1-E699-0773-BBD9-CE74499F9DE9}.Release|Any CPU.Build.0 = Release|Any CPU
		{61839A6A-A5F6-D80A-D511-3006C0FE979E}.Debug|Any CPU.ActiveCfg = Debug|Any CPU
		{61839A6A-A5F6-D80A-D511-3006C0FE979E}.Debug|Any CPU.Build.0 = Debug|Any CPU
		{61839A6A-A5F6-D80A-D511-3006C0FE979E}.Release|Any CPU.ActiveCfg = Release|Any CPU
		{61839A6A-A5F6-D80A-D511-3006C0FE979E}.Release|Any CPU.Build.0 = Release|Any CPU
		{E932D18F-4418-D65C-7FB2-2CF8840C6548}.Debug|Any CPU.ActiveCfg = Debug|Any CPU
		{E932D18F-4418-D65C-7FB2-2CF8840C6548}.Debug|Any CPU.Build.0 = Debug|Any CPU
		{E932D18F-4418-D65C-7FB2-2CF8840C6548}.Release|Any CPU.ActiveCfg = Release|Any CPU
		{E932D18F-4418-D65C-7FB2-2CF8840C6548}.Release|Any CPU.Build.0 = Release|Any CPU
		{3F2F49C5-BA27-2D08-AF5A-7E33F52665BD}.Debug|Any CPU.ActiveCfg = Debug|Any CPU
		{3F2F49C5-BA27-2D08-AF5A-7E33F52665BD}.Debug|Any CPU.Build.0 = Debug|Any CPU
		{3F2F49C5-BA27-2D08-AF5A-7E33F52665BD}.Release|Any CPU.ActiveCfg = Release|Any CPU
		{3F2F49C5-BA27-2D08-AF5A-7E33F52665BD}.Release|Any CPU.Build.0 = Release|Any CPU
		{B81432D9-D9F0-B354-6078-2693D9CCF2ED}.Debug|Any CPU.ActiveCfg = Debug|Any CPU
		{B81432D9-D9F0-B354-6078-2693D9CCF2ED}.Debug|Any CPU.Build.0 = Debug|Any CPU
		{B81432D9-D9F0-B354-6078-2693D9CCF2ED}.Release|Any CPU.ActiveCfg = Release|Any CPU
		{B81432D9-D9F0-B354-6078-2693D9CCF2ED}.Release|Any CPU.Build.0 = Release|Any CPU
		{D23B1AC5-876C-5839-484C-F30F2ABB2F81}.Debug|Any CPU.ActiveCfg = Debug|Any CPU
		{D23B1AC5-876C-5839-484C-F30F2ABB2F81}.Debug|Any CPU.Build.0 = Debug|Any CPU
		{D23B1AC5-876C-5839-484C-F30F2ABB2F81}.Release|Any CPU.ActiveCfg = Release|Any CPU
		{D23B1AC5-876C-5839-484C-F30F2ABB2F81}.Release|Any CPU.Build.0 = Release|Any CPU
		{AF812AAF-6CB3-CBA2-036B-9DCCB00B47D9}.Debug|Any CPU.ActiveCfg = Debug|Any CPU
		{AF812AAF-6CB3-CBA2-036B-9DCCB00B47D9}.Debug|Any CPU.Build.0 = Debug|Any CPU
		{AF812AAF-6CB3-CBA2-036B-9DCCB00B47D9}.Release|Any CPU.ActiveCfg = Release|Any CPU
		{AF812AAF-6CB3-CBA2-036B-9DCCB00B47D9}.Release|Any CPU.Build.0 = Release|Any CPU
		{538F449C-9CEA-98B1-62A1-B06E4FA5DB12}.Debug|Any CPU.ActiveCfg = Debug|Any CPU
		{538F449C-9CEA-98B1-62A1-B06E4FA5DB12}.Debug|Any CPU.Build.0 = Debug|Any CPU
		{538F449C-9CEA-98B1-62A1-B06E4FA5DB12}.Release|Any CPU.ActiveCfg = Release|Any CPU
		{538F449C-9CEA-98B1-62A1-B06E4FA5DB12}.Release|Any CPU.Build.0 = Release|Any CPU
		{AD9B42E2-9875-8B60-3598-29928843A213}.Debug|Any CPU.ActiveCfg = Debug|Any CPU
		{AD9B42E2-9875-8B60-3598-29928843A213}.Debug|Any CPU.Build.0 = Debug|Any CPU
		{AD9B42E2-9875-8B60-3598-29928843A213}.Release|Any CPU.ActiveCfg = Release|Any CPU
		{AD9B42E2-9875-8B60-3598-29928843A213}.Release|Any CPU.Build.0 = Release|Any CPU
		{B9ADF7DE-7D71-4B8D-1AAC-681386D1089A}.Debug|Any CPU.ActiveCfg = Debug|Any CPU
		{B9ADF7DE-7D71-4B8D-1AAC-681386D1089A}.Debug|Any CPU.Build.0 = Debug|Any CPU
		{B9ADF7DE-7D71-4B8D-1AAC-681386D1089A}.Release|Any CPU.ActiveCfg = Release|Any CPU
		{B9ADF7DE-7D71-4B8D-1AAC-681386D1089A}.Release|Any CPU.Build.0 = Release|Any CPU
		{88364368-4FB2-F366-EAC2-38C5A0C6058C}.Debug|Any CPU.ActiveCfg = Debug|Any CPU
		{88364368-4FB2-F366-EAC2-38C5A0C6058C}.Debug|Any CPU.Build.0 = Debug|Any CPU
		{88364368-4FB2-F366-EAC2-38C5A0C6058C}.Release|Any CPU.ActiveCfg = Release|Any CPU
		{88364368-4FB2-F366-EAC2-38C5A0C6058C}.Release|Any CPU.Build.0 = Release|Any CPU
		{F09916D8-B26E-16C1-4BAC-F0DCF3F2F55F}.Debug|Any CPU.ActiveCfg = Debug|Any CPU
		{F09916D8-B26E-16C1-4BAC-F0DCF3F2F55F}.Debug|Any CPU.Build.0 = Debug|Any CPU
		{F09916D8-B26E-16C1-4BAC-F0DCF3F2F55F}.Release|Any CPU.ActiveCfg = Release|Any CPU
		{F09916D8-B26E-16C1-4BAC-F0DCF3F2F55F}.Release|Any CPU.Build.0 = Release|Any CPU
		{307F012C-C8A0-3063-591C-0778B253522C}.Debug|Any CPU.ActiveCfg = Debug|Any CPU
		{307F012C-C8A0-3063-591C-0778B253522C}.Debug|Any CPU.Build.0 = Debug|Any CPU
		{307F012C-C8A0-3063-591C-0778B253522C}.Release|Any CPU.ActiveCfg = Release|Any CPU
		{307F012C-C8A0-3063-591C-0778B253522C}.Release|Any CPU.Build.0 = Release|Any CPU
		{AAEE29BA-28B6-5940-201F-6616D47AD8EA}.Debug|Any CPU.ActiveCfg = Debug|Any CPU
		{AAEE29BA-28B6-5940-201F-6616D47AD8EA}.Debug|Any CPU.Build.0 = Debug|Any CPU
		{AAEE29BA-28B6-5940-201F-6616D47AD8EA}.Release|Any CPU.ActiveCfg = Release|Any CPU
		{AAEE29BA-28B6-5940-201F-6616D47AD8EA}.Release|Any CPU.Build.0 = Release|Any CPU
		{BB331FB9-DEE8-62BD-B16A-C214231B3453}.Debug|Any CPU.ActiveCfg = Debug|Any CPU
		{BB331FB9-DEE8-62BD-B16A-C214231B3453}.Debug|Any CPU.Build.0 = Debug|Any CPU
		{BB331FB9-DEE8-62BD-B16A-C214231B3453}.Release|Any CPU.ActiveCfg = Release|Any CPU
		{BB331FB9-DEE8-62BD-B16A-C214231B3453}.Release|Any CPU.Build.0 = Release|Any CPU
		{2AA8DFCB-FF3A-8AD1-491C-DF7E557A22B7}.Debug|Any CPU.ActiveCfg = Debug|Any CPU
		{2AA8DFCB-FF3A-8AD1-491C-DF7E557A22B7}.Debug|Any CPU.Build.0 = Debug|Any CPU
		{2AA8DFCB-FF3A-8AD1-491C-DF7E557A22B7}.Release|Any CPU.ActiveCfg = Release|Any CPU
		{2AA8DFCB-FF3A-8AD1-491C-DF7E557A22B7}.Release|Any CPU.Build.0 = Release|Any CPU
		{60BBCFF3-2956-56CB-F0DB-457AD9280575}.Debug|Any CPU.ActiveCfg = Debug|Any CPU
		{60BBCFF3-2956-56CB-F0DB-457AD9280575}.Debug|Any CPU.Build.0 = Debug|Any CPU
		{60BBCFF3-2956-56CB-F0DB-457AD9280575}.Release|Any CPU.ActiveCfg = Release|Any CPU
		{60BBCFF3-2956-56CB-F0DB-457AD9280575}.Release|Any CPU.Build.0 = Release|Any CPU
		{D5796A8C-BC9D-CBED-3F51-AEFDCEC1E8A0}.Debug|Any CPU.ActiveCfg = Debug|Any CPU
		{D5796A8C-BC9D-CBED-3F51-AEFDCEC1E8A0}.Debug|Any CPU.Build.0 = Debug|Any CPU
		{D5796A8C-BC9D-CBED-3F51-AEFDCEC1E8A0}.Release|Any CPU.ActiveCfg = Release|Any CPU
		{D5796A8C-BC9D-CBED-3F51-AEFDCEC1E8A0}.Release|Any CPU.Build.0 = Release|Any CPU
		{25533F89-7E69-910B-01C8-4EF2BAC3545A}.Debug|Any CPU.ActiveCfg = Debug|Any CPU
		{25533F89-7E69-910B-01C8-4EF2BAC3545A}.Debug|Any CPU.Build.0 = Debug|Any CPU
		{25533F89-7E69-910B-01C8-4EF2BAC3545A}.Release|Any CPU.ActiveCfg = Release|Any CPU
		{25533F89-7E69-910B-01C8-4EF2BAC3545A}.Release|Any CPU.Build.0 = Release|Any CPU
		{E6012684-BDE8-884D-E980-F33A66A26739}.Debug|Any CPU.ActiveCfg = Debug|Any CPU
		{E6012684-BDE8-884D-E980-F33A66A26739}.Debug|Any CPU.Build.0 = Debug|Any CPU
		{E6012684-BDE8-884D-E980-F33A66A26739}.Release|Any CPU.ActiveCfg = Release|Any CPU
		{E6012684-BDE8-884D-E980-F33A66A26739}.Release|Any CPU.Build.0 = Release|Any CPU
		{1D4679B4-0604-92B9-8F2C-C715A59D2E2E}.Debug|Any CPU.ActiveCfg = Debug|Any CPU
		{1D4679B4-0604-92B9-8F2C-C715A59D2E2E}.Debug|Any CPU.Build.0 = Debug|Any CPU
		{1D4679B4-0604-92B9-8F2C-C715A59D2E2E}.Release|Any CPU.ActiveCfg = Release|Any CPU
		{1D4679B4-0604-92B9-8F2C-C715A59D2E2E}.Release|Any CPU.Build.0 = Release|Any CPU
		{CCBE1741-D5C0-73EB-6A70-E27B6FA0B4CA}.Debug|Any CPU.ActiveCfg = Debug|Any CPU
		{CCBE1741-D5C0-73EB-6A70-E27B6FA0B4CA}.Debug|Any CPU.Build.0 = Debug|Any CPU
		{CCBE1741-D5C0-73EB-6A70-E27B6FA0B4CA}.Release|Any CPU.ActiveCfg = Release|Any CPU
		{CCBE1741-D5C0-73EB-6A70-E27B6FA0B4CA}.Release|Any CPU.Build.0 = Release|Any CPU
		{D93B42BB-692A-08AF-15AF-31F3215B44E7}.Debug|Any CPU.ActiveCfg = Debug|Any CPU
		{D93B42BB-692A-08AF-15AF-31F3215B44E7}.Debug|Any CPU.Build.0 = Debug|Any CPU
		{D93B42BB-692A-08AF-15AF-31F3215B44E7}.Release|Any CPU.ActiveCfg = Release|Any CPU
		{D93B42BB-692A-08AF-15AF-31F3215B44E7}.Release|Any CPU.Build.0 = Release|Any CPU
		{C2703A04-C88A-C2AF-22F8-323DF4E4C556}.Debug|Any CPU.ActiveCfg = Debug|Any CPU
		{C2703A04-C88A-C2AF-22F8-323DF4E4C556}.Debug|Any CPU.Build.0 = Debug|Any CPU
		{C2703A04-C88A-C2AF-22F8-323DF4E4C556}.Release|Any CPU.ActiveCfg = Release|Any CPU
		{C2703A04-C88A-C2AF-22F8-323DF4E4C556}.Release|Any CPU.Build.0 = Release|Any CPU
		{8CAFC80D-556B-E71B-5971-BA5E384E51DF}.Debug|Any CPU.ActiveCfg = Debug|Any CPU
		{8CAFC80D-556B-E71B-5971-BA5E384E51DF}.Debug|Any CPU.Build.0 = Debug|Any CPU
		{8CAFC80D-556B-E71B-5971-BA5E384E51DF}.Release|Any CPU.ActiveCfg = Release|Any CPU
		{8CAFC80D-556B-E71B-5971-BA5E384E51DF}.Release|Any CPU.Build.0 = Release|Any CPU
		{C16F61BB-3CC2-68D0-A925-6F3A059A72AD}.Debug|Any CPU.ActiveCfg = Debug|Any CPU
		{C16F61BB-3CC2-68D0-A925-6F3A059A72AD}.Debug|Any CPU.Build.0 = Debug|Any CPU
		{C16F61BB-3CC2-68D0-A925-6F3A059A72AD}.Release|Any CPU.ActiveCfg = Release|Any CPU
		{C16F61BB-3CC2-68D0-A925-6F3A059A72AD}.Release|Any CPU.Build.0 = Release|Any CPU
		{D111D051-6887-1310-2181-1B99DA24BA65}.Debug|Any CPU.ActiveCfg = Debug|Any CPU
		{D111D051-6887-1310-2181-1B99DA24BA65}.Debug|Any CPU.Build.0 = Debug|Any CPU
		{D111D051-6887-1310-2181-1B99DA24BA65}.Release|Any CPU.ActiveCfg = Release|Any CPU
		{D111D051-6887-1310-2181-1B99DA24BA65}.Release|Any CPU.Build.0 = Release|Any CPU
		{4680CADB-6BC8-62F6-8C85-A09A62DBCC6D}.Debug|Any CPU.ActiveCfg = Debug|Any CPU
		{4680CADB-6BC8-62F6-8C85-A09A62DBCC6D}.Debug|Any CPU.Build.0 = Debug|Any CPU
		{4680CADB-6BC8-62F6-8C85-A09A62DBCC6D}.Release|Any CPU.ActiveCfg = Release|Any CPU
		{4680CADB-6BC8-62F6-8C85-A09A62DBCC6D}.Release|Any CPU.Build.0 = Release|Any CPU
		{C26976AF-C72A-9E45-F5F0-E46773EC7BA7}.Debug|Any CPU.ActiveCfg = Debug|Any CPU
		{C26976AF-C72A-9E45-F5F0-E46773EC7BA7}.Debug|Any CPU.Build.0 = Debug|Any CPU
		{C26976AF-C72A-9E45-F5F0-E46773EC7BA7}.Release|Any CPU.ActiveCfg = Release|Any CPU
		{C26976AF-C72A-9E45-F5F0-E46773EC7BA7}.Release|Any CPU.Build.0 = Release|Any CPU
		{47932FA7-A339-6CC8-0701-99F04C8279C8}.Debug|Any CPU.ActiveCfg = Debug|Any CPU
		{47932FA7-A339-6CC8-0701-99F04C8279C8}.Debug|Any CPU.Build.0 = Debug|Any CPU
		{47932FA7-A339-6CC8-0701-99F04C8279C8}.Release|Any CPU.ActiveCfg = Release|Any CPU
		{47932FA7-A339-6CC8-0701-99F04C8279C8}.Release|Any CPU.Build.0 = Release|Any CPU
		{86278442-C794-B40C-B6E5-130108BE61C8}.Debug|Any CPU.ActiveCfg = Debug|Any CPU
		{86278442-C794-B40C-B6E5-130108BE61C8}.Debug|Any CPU.Build.0 = Debug|Any CPU
		{86278442-C794-B40C-B6E5-130108BE61C8}.Release|Any CPU.ActiveCfg = Release|Any CPU
		{86278442-C794-B40C-B6E5-130108BE61C8}.Release|Any CPU.Build.0 = Release|Any CPU
		{E3AE0A39-731F-5EB8-8237-E3A5887F8DEC}.Debug|Any CPU.ActiveCfg = Debug|Any CPU
		{E3AE0A39-731F-5EB8-8237-E3A5887F8DEC}.Debug|Any CPU.Build.0 = Debug|Any CPU
		{E3AE0A39-731F-5EB8-8237-E3A5887F8DEC}.Release|Any CPU.ActiveCfg = Release|Any CPU
		{E3AE0A39-731F-5EB8-8237-E3A5887F8DEC}.Release|Any CPU.Build.0 = Release|Any CPU
		{6072AF31-03E5-4585-FBAB-E60A72B8F151}.Debug|Any CPU.ActiveCfg = Debug|Any CPU
		{6072AF31-03E5-4585-FBAB-E60A72B8F151}.Debug|Any CPU.Build.0 = Debug|Any CPU
		{6072AF31-03E5-4585-FBAB-E60A72B8F151}.Release|Any CPU.ActiveCfg = Release|Any CPU
		{6072AF31-03E5-4585-FBAB-E60A72B8F151}.Release|Any CPU.Build.0 = Release|Any CPU
		{54B7627D-3F2E-3640-0395-EF1BC640FC21}.Debug|Any CPU.ActiveCfg = Debug|Any CPU
		{54B7627D-3F2E-3640-0395-EF1BC640FC21}.Debug|Any CPU.Build.0 = Debug|Any CPU
		{54B7627D-3F2E-3640-0395-EF1BC640FC21}.Release|Any CPU.ActiveCfg = Release|Any CPU
		{54B7627D-3F2E-3640-0395-EF1BC640FC21}.Release|Any CPU.Build.0 = Release|Any CPU
		{2AAC42EB-EF15-3D6E-F04E-2C7CFBFCD19A}.Debug|Any CPU.ActiveCfg = Debug|Any CPU
		{2AAC42EB-EF15-3D6E-F04E-2C7CFBFCD19A}.Debug|Any CPU.Build.0 = Debug|Any CPU
		{2AAC42EB-EF15-3D6E-F04E-2C7CFBFCD19A}.Release|Any CPU.ActiveCfg = Release|Any CPU
		{2AAC42EB-EF15-3D6E-F04E-2C7CFBFCD19A}.Release|Any CPU.Build.0 = Release|Any CPU
		{6F385E47-93CB-6A1C-1DA9-2D7CFEB6AC97}.Debug|Any CPU.ActiveCfg = Debug|Any CPU
		{6F385E47-93CB-6A1C-1DA9-2D7CFEB6AC97}.Debug|Any CPU.Build.0 = Debug|Any CPU
		{6F385E47-93CB-6A1C-1DA9-2D7CFEB6AC97}.Release|Any CPU.ActiveCfg = Release|Any CPU
		{6F385E47-93CB-6A1C-1DA9-2D7CFEB6AC97}.Release|Any CPU.Build.0 = Release|Any CPU
		{C42E13E0-B8AD-DFF7-9C21-C1B9EF5483F1}.Debug|Any CPU.ActiveCfg = Debug|Any CPU
		{C42E13E0-B8AD-DFF7-9C21-C1B9EF5483F1}.Debug|Any CPU.Build.0 = Debug|Any CPU
		{C42E13E0-B8AD-DFF7-9C21-C1B9EF5483F1}.Release|Any CPU.ActiveCfg = Release|Any CPU
		{C42E13E0-B8AD-DFF7-9C21-C1B9EF5483F1}.Release|Any CPU.Build.0 = Release|Any CPU
		{076AECEC-839F-7942-2593-BF29A48AB3E8}.Debug|Any CPU.ActiveCfg = Debug|Any CPU
		{076AECEC-839F-7942-2593-BF29A48AB3E8}.Debug|Any CPU.Build.0 = Debug|Any CPU
		{076AECEC-839F-7942-2593-BF29A48AB3E8}.Release|Any CPU.ActiveCfg = Release|Any CPU
		{076AECEC-839F-7942-2593-BF29A48AB3E8}.Release|Any CPU.Build.0 = Release|Any CPU
		{6C97C53B-E8D0-6B35-C504-60EDF2D3926D}.Debug|Any CPU.ActiveCfg = Debug|Any CPU
		{6C97C53B-E8D0-6B35-C504-60EDF2D3926D}.Debug|Any CPU.Build.0 = Debug|Any CPU
		{6C97C53B-E8D0-6B35-C504-60EDF2D3926D}.Release|Any CPU.ActiveCfg = Release|Any CPU
		{6C97C53B-E8D0-6B35-C504-60EDF2D3926D}.Release|Any CPU.Build.0 = Release|Any CPU
		{A67E9E9B-7674-C91E-4B73-993061F1679A}.Debug|Any CPU.ActiveCfg = Debug|Any CPU
		{A67E9E9B-7674-C91E-4B73-993061F1679A}.Debug|Any CPU.Build.0 = Debug|Any CPU
		{A67E9E9B-7674-C91E-4B73-993061F1679A}.Release|Any CPU.ActiveCfg = Release|Any CPU
		{A67E9E9B-7674-C91E-4B73-993061F1679A}.Release|Any CPU.Build.0 = Release|Any CPU
		{EA3CF966-E3B3-5DB5-CCC9-9126A41B192D}.Debug|Any CPU.ActiveCfg = Debug|Any CPU
		{EA3CF966-E3B3-5DB5-CCC9-9126A41B192D}.Debug|Any CPU.Build.0 = Debug|Any CPU
		{EA3CF966-E3B3-5DB5-CCC9-9126A41B192D}.Release|Any CPU.ActiveCfg = Release|Any CPU
		{EA3CF966-E3B3-5DB5-CCC9-9126A41B192D}.Release|Any CPU.Build.0 = Release|Any CPU
		{F6DB546A-57CE-30BC-667C-845CCFCC51A0}.Debug|Any CPU.ActiveCfg = Debug|Any CPU
		{F6DB546A-57CE-30BC-667C-845CCFCC51A0}.Debug|Any CPU.Build.0 = Debug|Any CPU
		{F6DB546A-57CE-30BC-667C-845CCFCC51A0}.Release|Any CPU.ActiveCfg = Release|Any CPU
		{F6DB546A-57CE-30BC-667C-845CCFCC51A0}.Release|Any CPU.Build.0 = Release|Any CPU
		{477904C4-310D-C0F5-1C69-A31FC62EAC05}.Debug|Any CPU.ActiveCfg = Debug|Any CPU
		{477904C4-310D-C0F5-1C69-A31FC62EAC05}.Debug|Any CPU.Build.0 = Debug|Any CPU
		{477904C4-310D-C0F5-1C69-A31FC62EAC05}.Release|Any CPU.ActiveCfg = Release|Any CPU
		{477904C4-310D-C0F5-1C69-A31FC62EAC05}.Release|Any CPU.Build.0 = Release|Any CPU
		{2478C7C5-B615-E256-C539-BFDBDB5CE026}.Debug|Any CPU.ActiveCfg = Debug|Any CPU
		{2478C7C5-B615-E256-C539-BFDBDB5CE026}.Debug|Any CPU.Build.0 = Debug|Any CPU
		{2478C7C5-B615-E256-C539-BFDBDB5CE026}.Release|Any CPU.ActiveCfg = Release|Any CPU
		{2478C7C5-B615-E256-C539-BFDBDB5CE026}.Release|Any CPU.Build.0 = Release|Any CPU
		{CAB221FB-0F8D-E8CA-2F25-0BB559E913E3}.Debug|Any CPU.ActiveCfg = Debug|Any CPU
		{CAB221FB-0F8D-E8CA-2F25-0BB559E913E3}.Debug|Any CPU.Build.0 = Debug|Any CPU
		{CAB221FB-0F8D-E8CA-2F25-0BB559E913E3}.Release|Any CPU.ActiveCfg = Release|Any CPU
		{CAB221FB-0F8D-E8CA-2F25-0BB559E913E3}.Release|Any CPU.Build.0 = Release|Any CPU
		{B9BDF3C2-8A9C-F4A5-72BA-97FA0F46FFA4}.Debug|Any CPU.ActiveCfg = Debug|Any CPU
		{B9BDF3C2-8A9C-F4A5-72BA-97FA0F46FFA4}.Debug|Any CPU.Build.0 = Debug|Any CPU
		{B9BDF3C2-8A9C-F4A5-72BA-97FA0F46FFA4}.Release|Any CPU.ActiveCfg = Release|Any CPU
		{B9BDF3C2-8A9C-F4A5-72BA-97FA0F46FFA4}.Release|Any CPU.Build.0 = Release|Any CPU
		{24F2B733-53A1-AE25-E0B2-5B6C5CE4D653}.Debug|Any CPU.ActiveCfg = Debug|Any CPU
		{24F2B733-53A1-AE25-E0B2-5B6C5CE4D653}.Debug|Any CPU.Build.0 = Debug|Any CPU
		{24F2B733-53A1-AE25-E0B2-5B6C5CE4D653}.Release|Any CPU.ActiveCfg = Release|Any CPU
		{24F2B733-53A1-AE25-E0B2-5B6C5CE4D653}.Release|Any CPU.Build.0 = Release|Any CPU
		{0F273A45-F1C9-7A06-C14B-C8CB459725B6}.Debug|Any CPU.ActiveCfg = Debug|Any CPU
		{0F273A45-F1C9-7A06-C14B-C8CB459725B6}.Debug|Any CPU.Build.0 = Debug|Any CPU
		{0F273A45-F1C9-7A06-C14B-C8CB459725B6}.Release|Any CPU.ActiveCfg = Release|Any CPU
		{0F273A45-F1C9-7A06-C14B-C8CB459725B6}.Release|Any CPU.Build.0 = Release|Any CPU
		{A77CDEA3-2F53-60BF-A305-47BB7C3C15FF}.Debug|Any CPU.ActiveCfg = Debug|Any CPU
		{A77CDEA3-2F53-60BF-A305-47BB7C3C15FF}.Debug|Any CPU.Build.0 = Debug|Any CPU
		{A77CDEA3-2F53-60BF-A305-47BB7C3C15FF}.Release|Any CPU.ActiveCfg = Release|Any CPU
		{A77CDEA3-2F53-60BF-A305-47BB7C3C15FF}.Release|Any CPU.Build.0 = Release|Any CPU
		{94008FA2-D365-38B7-15BB-9AE610135248}.Debug|Any CPU.ActiveCfg = Debug|Any CPU
		{94008FA2-D365-38B7-15BB-9AE610135248}.Debug|Any CPU.Build.0 = Debug|Any CPU
		{94008FA2-D365-38B7-15BB-9AE610135248}.Release|Any CPU.ActiveCfg = Release|Any CPU
		{94008FA2-D365-38B7-15BB-9AE610135248}.Release|Any CPU.Build.0 = Release|Any CPU
		{29419A04-C78D-B842-1990-6BCD3E59FFFD}.Debug|Any CPU.ActiveCfg = Debug|Any CPU
		{29419A04-C78D-B842-1990-6BCD3E59FFFD}.Debug|Any CPU.Build.0 = Debug|Any CPU
		{29419A04-C78D-B842-1990-6BCD3E59FFFD}.Release|Any CPU.ActiveCfg = Release|Any CPU
		{29419A04-C78D-B842-1990-6BCD3E59FFFD}.Release|Any CPU.Build.0 = Release|Any CPU
		{795969C2-0BB3-C5B1-23E6-BB842FE9CAC2}.Debug|Any CPU.ActiveCfg = Debug|Any CPU
		{795969C2-0BB3-C5B1-23E6-BB842FE9CAC2}.Debug|Any CPU.Build.0 = Debug|Any CPU
		{795969C2-0BB3-C5B1-23E6-BB842FE9CAC2}.Release|Any CPU.ActiveCfg = Release|Any CPU
		{795969C2-0BB3-C5B1-23E6-BB842FE9CAC2}.Release|Any CPU.Build.0 = Release|Any CPU
		{ED9C684B-9906-9C38-8DFA-97FBDFF055C2}.Debug|Any CPU.ActiveCfg = Debug|Any CPU
		{ED9C684B-9906-9C38-8DFA-97FBDFF055C2}.Debug|Any CPU.Build.0 = Debug|Any CPU
		{ED9C684B-9906-9C38-8DFA-97FBDFF055C2}.Release|Any CPU.ActiveCfg = Release|Any CPU
		{ED9C684B-9906-9C38-8DFA-97FBDFF055C2}.Release|Any CPU.Build.0 = Release|Any CPU
		{E70FF753-930C-86E1-0493-50A2711A5D30}.Debug|Any CPU.ActiveCfg = Debug|Any CPU
		{E70FF753-930C-86E1-0493-50A2711A5D30}.Debug|Any CPU.Build.0 = Debug|Any CPU
		{E70FF753-930C-86E1-0493-50A2711A5D30}.Release|Any CPU.ActiveCfg = Release|Any CPU
		{E70FF753-930C-86E1-0493-50A2711A5D30}.Release|Any CPU.Build.0 = Release|Any CPU
		{36DF8061-DC72-ED3D-DDF7-34306236991C}.Debug|Any CPU.ActiveCfg = Debug|Any CPU
		{36DF8061-DC72-ED3D-DDF7-34306236991C}.Debug|Any CPU.Build.0 = Debug|Any CPU
		{36DF8061-DC72-ED3D-DDF7-34306236991C}.Release|Any CPU.ActiveCfg = Release|Any CPU
		{36DF8061-DC72-ED3D-DDF7-34306236991C}.Release|Any CPU.Build.0 = Release|Any CPU
		{08BF9B0D-4DCC-3CF5-29AF-1914AF64BFDB}.Debug|Any CPU.ActiveCfg = Debug|Any CPU
		{08BF9B0D-4DCC-3CF5-29AF-1914AF64BFDB}.Debug|Any CPU.Build.0 = Debug|Any CPU
		{08BF9B0D-4DCC-3CF5-29AF-1914AF64BFDB}.Release|Any CPU.ActiveCfg = Release|Any CPU
		{08BF9B0D-4DCC-3CF5-29AF-1914AF64BFDB}.Release|Any CPU.Build.0 = Release|Any CPU
		{08CDAB67-98D0-87A1-217D-B35FD2DF8417}.Debug|Any CPU.ActiveCfg = Debug|Any CPU
		{08CDAB67-98D0-87A1-217D-B35FD2DF8417}.Debug|Any CPU.Build.0 = Debug|Any CPU
		{08CDAB67-98D0-87A1-217D-B35FD2DF8417}.Release|Any CPU.ActiveCfg = Release|Any CPU
		{08CDAB67-98D0-87A1-217D-B35FD2DF8417}.Release|Any CPU.Build.0 = Release|Any CPU
		{F62951C0-6B1D-C213-60A6-D3EE71C608A5}.Debug|Any CPU.ActiveCfg = Debug|Any CPU
		{F62951C0-6B1D-C213-60A6-D3EE71C608A5}.Debug|Any CPU.Build.0 = Debug|Any CPU
		{F62951C0-6B1D-C213-60A6-D3EE71C608A5}.Release|Any CPU.ActiveCfg = Release|Any CPU
		{F62951C0-6B1D-C213-60A6-D3EE71C608A5}.Release|Any CPU.Build.0 = Release|Any CPU
		{0B93C826-E4B3-3181-17F5-C61EF35A1D0F}.Debug|Any CPU.ActiveCfg = Debug|Any CPU
		{0B93C826-E4B3-3181-17F5-C61EF35A1D0F}.Debug|Any CPU.Build.0 = Debug|Any CPU
		{0B93C826-E4B3-3181-17F5-C61EF35A1D0F}.Release|Any CPU.ActiveCfg = Release|Any CPU
		{0B93C826-E4B3-3181-17F5-C61EF35A1D0F}.Release|Any CPU.Build.0 = Release|Any CPU
		{7FD9E8BA-3ACF-07DB-884B-77AD8737CD75}.Debug|Any CPU.ActiveCfg = Debug|Any CPU
		{7FD9E8BA-3ACF-07DB-884B-77AD8737CD75}.Debug|Any CPU.Build.0 = Debug|Any CPU
		{7FD9E8BA-3ACF-07DB-884B-77AD8737CD75}.Release|Any CPU.ActiveCfg = Release|Any CPU
		{7FD9E8BA-3ACF-07DB-884B-77AD8737CD75}.Release|Any CPU.Build.0 = Release|Any CPU
		{0E3B8AB0-52CC-E9D7-7174-9812D9F1A8DF}.Debug|Any CPU.ActiveCfg = Debug|Any CPU
		{0E3B8AB0-52CC-E9D7-7174-9812D9F1A8DF}.Debug|Any CPU.Build.0 = Debug|Any CPU
		{0E3B8AB0-52CC-E9D7-7174-9812D9F1A8DF}.Release|Any CPU.ActiveCfg = Release|Any CPU
		{0E3B8AB0-52CC-E9D7-7174-9812D9F1A8DF}.Release|Any CPU.Build.0 = Release|Any CPU
		{A29572ED-1D20-D897-A6B5-8E624FFD5EB4}.Debug|Any CPU.ActiveCfg = Debug|Any CPU
		{A29572ED-1D20-D897-A6B5-8E624FFD5EB4}.Debug|Any CPU.Build.0 = Debug|Any CPU
		{A29572ED-1D20-D897-A6B5-8E624FFD5EB4}.Release|Any CPU.ActiveCfg = Release|Any CPU
		{A29572ED-1D20-D897-A6B5-8E624FFD5EB4}.Release|Any CPU.Build.0 = Release|Any CPU
		{AB4DE89D-36E6-7D9E-C5B1-89B750318090}.Debug|Any CPU.ActiveCfg = Debug|Any CPU
		{AB4DE89D-36E6-7D9E-C5B1-89B750318090}.Debug|Any CPU.Build.0 = Debug|Any CPU
		{AB4DE89D-36E6-7D9E-C5B1-89B750318090}.Release|Any CPU.ActiveCfg = Release|Any CPU
		{AB4DE89D-36E6-7D9E-C5B1-89B750318090}.Release|Any CPU.Build.0 = Release|Any CPU
		{DEB74B9C-5448-D679-63E8-A34BEB0211BC}.Debug|Any CPU.ActiveCfg = Debug|Any CPU
		{DEB74B9C-5448-D679-63E8-A34BEB0211BC}.Debug|Any CPU.Build.0 = Debug|Any CPU
		{DEB74B9C-5448-D679-63E8-A34BEB0211BC}.Release|Any CPU.ActiveCfg = Release|Any CPU
		{DEB74B9C-5448-D679-63E8-A34BEB0211BC}.Release|Any CPU.Build.0 = Release|Any CPU
		{62E25C89-A457-6957-4556-DCDB7D39A6F4}.Debug|Any CPU.ActiveCfg = Debug|Any CPU
		{62E25C89-A457-6957-4556-DCDB7D39A6F4}.Debug|Any CPU.Build.0 = Debug|Any CPU
		{62E25C89-A457-6957-4556-DCDB7D39A6F4}.Release|Any CPU.ActiveCfg = Release|Any CPU
		{62E25C89-A457-6957-4556-DCDB7D39A6F4}.Release|Any CPU.Build.0 = Release|Any CPU
		{88E5B615-18C8-D085-1614-65A399B722D2}.Debug|Any CPU.ActiveCfg = Debug|Any CPU
		{88E5B615-18C8-D085-1614-65A399B722D2}.Debug|Any CPU.Build.0 = Debug|Any CPU
		{88E5B615-18C8-D085-1614-65A399B722D2}.Release|Any CPU.ActiveCfg = Release|Any CPU
		{88E5B615-18C8-D085-1614-65A399B722D2}.Release|Any CPU.Build.0 = Release|Any CPU
		{6248A784-BE83-6657-3757-56D7125E4EBB}.Debug|Any CPU.ActiveCfg = Debug|Any CPU
		{6248A784-BE83-6657-3757-56D7125E4EBB}.Debug|Any CPU.Build.0 = Debug|Any CPU
		{6248A784-BE83-6657-3757-56D7125E4EBB}.Release|Any CPU.ActiveCfg = Release|Any CPU
		{6248A784-BE83-6657-3757-56D7125E4EBB}.Release|Any CPU.Build.0 = Release|Any CPU
		{A034B958-2C35-8E8A-AD2E-808B6F6C9030}.Debug|Any CPU.ActiveCfg = Debug|Any CPU
		{A034B958-2C35-8E8A-AD2E-808B6F6C9030}.Debug|Any CPU.Build.0 = Debug|Any CPU
		{A034B958-2C35-8E8A-AD2E-808B6F6C9030}.Release|Any CPU.ActiveCfg = Release|Any CPU
		{A034B958-2C35-8E8A-AD2E-808B6F6C9030}.Release|Any CPU.Build.0 = Release|Any CPU
		{78271C96-20F9-D113-3E79-C97C68343881}.Debug|Any CPU.ActiveCfg = Debug|Any CPU
		{78271C96-20F9-D113-3E79-C97C68343881}.Debug|Any CPU.Build.0 = Debug|Any CPU
		{78271C96-20F9-D113-3E79-C97C68343881}.Release|Any CPU.ActiveCfg = Release|Any CPU
		{78271C96-20F9-D113-3E79-C97C68343881}.Release|Any CPU.Build.0 = Release|Any CPU
		{B681EBB0-C76B-40DA-7746-941D60C5591E}.Debug|Any CPU.ActiveCfg = Debug|Any CPU
		{B681EBB0-C76B-40DA-7746-941D60C5591E}.Debug|Any CPU.Build.0 = Debug|Any CPU
		{B681EBB0-C76B-40DA-7746-941D60C5591E}.Release|Any CPU.ActiveCfg = Release|Any CPU
		{B681EBB0-C76B-40DA-7746-941D60C5591E}.Release|Any CPU.Build.0 = Release|Any CPU
		{6ACAAC8D-3D0A-3B01-00CC-3BF9E696FEA6}.Debug|Any CPU.ActiveCfg = Debug|Any CPU
		{6ACAAC8D-3D0A-3B01-00CC-3BF9E696FEA6}.Debug|Any CPU.Build.0 = Debug|Any CPU
		{6ACAAC8D-3D0A-3B01-00CC-3BF9E696FEA6}.Release|Any CPU.ActiveCfg = Release|Any CPU
		{6ACAAC8D-3D0A-3B01-00CC-3BF9E696FEA6}.Release|Any CPU.Build.0 = Release|Any CPU
		{11DC54FC-DFC8-54F6-6E30-69FB74BFC3BD}.Debug|Any CPU.ActiveCfg = Debug|Any CPU
		{11DC54FC-DFC8-54F6-6E30-69FB74BFC3BD}.Debug|Any CPU.Build.0 = Debug|Any CPU
		{11DC54FC-DFC8-54F6-6E30-69FB74BFC3BD}.Release|Any CPU.ActiveCfg = Release|Any CPU
		{11DC54FC-DFC8-54F6-6E30-69FB74BFC3BD}.Release|Any CPU.Build.0 = Release|Any CPU
		{7B644ED7-E8A1-7AB1-79DB-64F25A0B983E}.Debug|Any CPU.ActiveCfg = Debug|Any CPU
		{7B644ED7-E8A1-7AB1-79DB-64F25A0B983E}.Debug|Any CPU.Build.0 = Debug|Any CPU
		{7B644ED7-E8A1-7AB1-79DB-64F25A0B983E}.Release|Any CPU.ActiveCfg = Release|Any CPU
		{7B644ED7-E8A1-7AB1-79DB-64F25A0B983E}.Release|Any CPU.Build.0 = Release|Any CPU
		{3CFBA683-A3CA-08AB-3EBC-DC7C7FEAF457}.Debug|Any CPU.ActiveCfg = Debug|Any CPU
		{3CFBA683-A3CA-08AB-3EBC-DC7C7FEAF457}.Debug|Any CPU.Build.0 = Debug|Any CPU
		{3CFBA683-A3CA-08AB-3EBC-DC7C7FEAF457}.Release|Any CPU.ActiveCfg = Release|Any CPU
		{3CFBA683-A3CA-08AB-3EBC-DC7C7FEAF457}.Release|Any CPU.Build.0 = Release|Any CPU
	EndGlobalSection
	GlobalSection(SolutionProperties) = preSolution
		HideSolutionNode = FALSE
	EndGlobalSection
EndGlobal
